{
  "name": "linuxSetup",
  "lockfileVersion": 2,
  "requires": true,
  "packages": {
    "": {
      "dependencies": {
        "remark-stringify": "^10.0.0"
      }
    },
    "node_modules/@types/mdast": {
      "version": "3.0.8",
      "resolved": "https://registry.npmjs.org/@types/mdast/-/mdast-3.0.8.tgz",
      "integrity": "sha512-HdUXWDNtDenuVJFrV2xBCLEMiw1Vn7FMuJxqJC5oBvC2adA3pgtp6CPCIMQdz3pmWxGuJjT+hOp6FnOXy6dXoQ==",
      "dependencies": {
        "@types/unist": "*"
      }
    },
    "node_modules/@types/unist": {
      "version": "2.0.6",
      "resolved": "https://registry.npmjs.org/@types/unist/-/unist-2.0.6.tgz",
      "integrity": "sha512-PBjIUxZHOuj0R15/xuwJYjFi+KZdNFrehocChv4g5hu6aFroHue8m0lBP0POdK2nKzbw0cgV1mws8+V/JAcEkQ=="
    },
    "node_modules/bail": {
      "version": "2.0.1",
      "resolved": "https://registry.npmjs.org/bail/-/bail-2.0.1.tgz",
      "integrity": "sha512-d5FoTAr2S5DSUPKl85WNm2yUwsINN8eidIdIwsOge2t33DaOfOdSmmsI11jMN3GmALCXaw+Y6HMVHDzePshFAA==",
      "funding": {
        "type": "github",
        "url": "https://github.com/sponsors/wooorm"
      }
    },
    "node_modules/character-entities": {
      "version": "2.0.0",
      "resolved": "https://registry.npmjs.org/character-entities/-/character-entities-2.0.0.tgz",
      "integrity": "sha512-oHqMj3eAuJ77/P5PaIRcqk+C3hdfNwyCD2DAUcD5gyXkegAuF2USC40CEqPscDk4I8FRGMTojGJQkXDsN5QlJA==",
      "funding": {
        "type": "github",
        "url": "https://github.com/sponsors/wooorm"
      }
    },
    "node_modules/character-entities-legacy": {
      "version": "2.0.0",
      "resolved": "https://registry.npmjs.org/character-entities-legacy/-/character-entities-legacy-2.0.0.tgz",
      "integrity": "sha512-YwaEtEvWLpFa6Wh3uVLrvirA/ahr9fki/NUd/Bd4OR6EdJ8D22hovYQEOUCBfQfcqnC4IAMGMsHXY1eXgL4ZZA==",
      "funding": {
        "type": "github",
        "url": "https://github.com/sponsors/wooorm"
      }
    },
    "node_modules/character-reference-invalid": {
      "version": "2.0.0",
      "resolved": "https://registry.npmjs.org/character-reference-invalid/-/character-reference-invalid-2.0.0.tgz",
      "integrity": "sha512-pE3Z15lLRxDzWJy7bBHBopRwfI20sbrMVLQTC7xsPglCHf4Wv1e167OgYAFP78co2XlhojDyAqA+IAJse27//g==",
      "funding": {
        "type": "github",
        "url": "https://github.com/sponsors/wooorm"
      }
    },
    "node_modules/extend": {
      "version": "3.0.2",
      "resolved": "https://registry.npmjs.org/extend/-/extend-3.0.2.tgz",
      "integrity": "sha512-fjquC59cD7CyW6urNXK0FBufkZcoiGG80wTuPujX590cB5Ttln20E2UB4S/WARVqhXffZl2LNgS+gQdPIIim/g=="
    },
    "node_modules/is-alphabetical": {
      "version": "2.0.0",
      "resolved": "https://registry.npmjs.org/is-alphabetical/-/is-alphabetical-2.0.0.tgz",
      "integrity": "sha512-5OV8Toyq3oh4eq6sbWTYzlGdnMT/DPI5I0zxUBxjiigQsZycpkKF3kskkao3JyYGuYDHvhgJF+DrjMQp9SX86w==",
      "funding": {
        "type": "github",
        "url": "https://github.com/sponsors/wooorm"
      }
    },
    "node_modules/is-alphanumerical": {
      "version": "2.0.0",
      "resolved": "https://registry.npmjs.org/is-alphanumerical/-/is-alphanumerical-2.0.0.tgz",
      "integrity": "sha512-t+2GlJ+hO9yagJ+jU3+HSh80VKvz/3cG2cxbGGm4S0hjKuhWQXgPVUVOZz3tqZzMjhmphZ+1TIJTlRZRoe6GCQ==",
      "dependencies": {
        "is-alphabetical": "^2.0.0",
        "is-decimal": "^2.0.0"
      },
      "funding": {
        "type": "github",
        "url": "https://github.com/sponsors/wooorm"
      }
    },
    "node_modules/is-buffer": {
      "version": "2.0.5",
      "resolved": "https://registry.npmjs.org/is-buffer/-/is-buffer-2.0.5.tgz",
      "integrity": "sha512-i2R6zNFDwgEHJyQUtJEk0XFi1i0dPFn/oqjK3/vPCcDeJvW5NQ83V8QbicfF1SupOaB0h8ntgBC2YiE7dfyctQ==",
      "funding": [
        {
          "type": "github",
          "url": "https://github.com/sponsors/feross"
        },
        {
          "type": "patreon",
          "url": "https://www.patreon.com/feross"
        },
        {
          "type": "consulting",
          "url": "https://feross.org/support"
        }
      ],
      "engines": {
        "node": ">=4"
      }
    },
    "node_modules/is-decimal": {
      "version": "2.0.0",
      "resolved": "https://registry.npmjs.org/is-decimal/-/is-decimal-2.0.0.tgz",
      "integrity": "sha512-QfrfjQV0LjoWQ1K1XSoEZkTAzSa14RKVMa5zg3SdAfzEmQzRM4+tbSFWb78creCeA9rNBzaZal92opi1TwPWZw==",
      "funding": {
        "type": "github",
        "url": "https://github.com/sponsors/wooorm"
      }
    },
    "node_modules/is-hexadecimal": {
      "version": "2.0.0",
      "resolved": "https://registry.npmjs.org/is-hexadecimal/-/is-hexadecimal-2.0.0.tgz",
      "integrity": "sha512-vGOtYkiaxwIiR0+Ng/zNId+ZZehGfINwTzdrDqc6iubbnQWhnPuYymOzOKUDqa2cSl59yHnEh2h6MvRLQsyNug==",
      "funding": {
        "type": "github",
        "url": "https://github.com/sponsors/wooorm"
      }
    },
    "node_modules/is-plain-obj": {
      "version": "4.0.0",
      "resolved": "https://registry.npmjs.org/is-plain-obj/-/is-plain-obj-4.0.0.tgz",
      "integrity": "sha512-NXRbBtUdBioI73y/HmOhogw/U5msYPC9DAtGkJXeFcFWSFZw0mCUsPxk/snTuJHzNKA8kLBK4rH97RMB1BfCXw==",
      "engines": {
        "node": ">=12"
      },
      "funding": {
        "url": "https://github.com/sponsors/sindresorhus"
      }
    },
    "node_modules/longest-streak": {
      "version": "3.0.0",
      "resolved": "https://registry.npmjs.org/longest-streak/-/longest-streak-3.0.0.tgz",
      "integrity": "sha512-XhUjWR5CFaQ03JOP+iSDS9koy8T5jfoImCZ4XprElw3BXsSk4MpVYOLw/6LTDKZhO13PlAXnB5gS4MHQTpkSOw==",
      "funding": {
        "type": "github",
        "url": "https://github.com/sponsors/wooorm"
      }
    },
    "node_modules/mdast-util-to-markdown": {
      "version": "1.1.1",
      "resolved": "https://registry.npmjs.org/mdast-util-to-markdown/-/mdast-util-to-markdown-1.1.1.tgz",
      "integrity": "sha512-4puev/CxuxVdlsx5lVmuzgdqfjkkJJLS1Zm/MnejQ8I7BLeeBlbkwp6WOGJypEcN8g56LbVbhNmn84MvvcAvSQ==",
      "dependencies": {
        "@types/mdast": "^3.0.0",
        "@types/unist": "^2.0.0",
        "longest-streak": "^3.0.0",
        "mdast-util-to-string": "^3.0.0",
        "parse-entities": "^3.0.0",
        "zwitch": "^2.0.0"
      },
      "funding": {
        "type": "opencollective",
        "url": "https://opencollective.com/unified"
      }
    },
    "node_modules/mdast-util-to-string": {
      "version": "3.1.0",
      "resolved": "https://registry.npmjs.org/mdast-util-to-string/-/mdast-util-to-string-3.1.0.tgz",
      "integrity": "sha512-n4Vypz/DZgwo0iMHLQL49dJzlp7YtAJP+N07MZHpjPf/5XJuHUWstviF4Mn2jEiR/GNmtnRRqnwsXExk3igfFA==",
      "funding": {
        "type": "opencollective",
        "url": "https://opencollective.com/unified"
      }
    },
    "node_modules/parse-entities": {
      "version": "3.0.0",
      "resolved": "https://registry.npmjs.org/parse-entities/-/parse-entities-3.0.0.tgz",
      "integrity": "sha512-AJlcIFDNPEP33KyJLguv0xJc83BNvjxwpuUIcetyXUsLpVXAUCePJ5kIoYtEN2R1ac0cYaRu/vk9dVFkewHQhQ==",
      "dependencies": {
        "character-entities": "^2.0.0",
        "character-entities-legacy": "^2.0.0",
        "character-reference-invalid": "^2.0.0",
        "is-alphanumerical": "^2.0.0",
        "is-decimal": "^2.0.0",
        "is-hexadecimal": "^2.0.0"
      },
      "funding": {
        "type": "github",
        "url": "https://github.com/sponsors/wooorm"
      }
    },
    "node_modules/remark-stringify": {
      "version": "10.0.0",
      "resolved": "https://registry.npmjs.org/remark-stringify/-/remark-stringify-10.0.0.tgz",
      "integrity": "sha512-3LAQqJ/qiUxkWc7fUcVuB7RtIT38rvmxfmJG8z1TiE/D8zi3JGQ2tTcTJu9Tptdpb7gFwU0whRi5q1FbFOb9yA==",
      "dependencies": {
        "@types/mdast": "^3.0.0",
        "mdast-util-to-markdown": "^1.0.0",
        "unified": "^10.0.0"
      },
      "funding": {
        "type": "opencollective",
        "url": "https://opencollective.com/unified"
      }
    },
    "node_modules/trough": {
      "version": "2.0.2",
      "resolved": "https://registry.npmjs.org/trough/-/trough-2.0.2.tgz",
      "integrity": "sha512-FnHq5sTMxC0sk957wHDzRnemFnNBvt/gSY99HzK8F7UP5WAbvP70yX5bd7CjEQkN+TjdxwI7g7lJ6podqrG2/w==",
      "funding": {
        "type": "github",
        "url": "https://github.com/sponsors/wooorm"
      }
    },
    "node_modules/unified": {
      "version": "10.1.0",
      "resolved": "https://registry.npmjs.org/unified/-/unified-10.1.0.tgz",
      "integrity": "sha512-4U3ru/BRXYYhKbwXV6lU6bufLikoAavTwev89H5UxY8enDFaAT2VXmIXYNm6hb5oHPng/EXr77PVyDFcptbk5g==",
      "dependencies": {
        "@types/unist": "^2.0.0",
        "bail": "^2.0.0",
        "extend": "^3.0.0",
        "is-buffer": "^2.0.0",
        "is-plain-obj": "^4.0.0",
        "trough": "^2.0.0",
        "vfile": "^5.0.0"
      },
      "funding": {
        "type": "opencollective",
        "url": "https://opencollective.com/unified"
      }
    },
    "node_modules/unist-util-stringify-position": {
      "version": "3.0.0",
      "resolved": "https://registry.npmjs.org/unist-util-stringify-position/-/unist-util-stringify-position-3.0.0.tgz",
      "integrity": "sha512-SdfAl8fsDclywZpfMDTVDxA2V7LjtRDTOFd44wUJamgl6OlVngsqWjxvermMYf60elWHbxhuRCZml7AnuXCaSA==",
      "dependencies": {
        "@types/unist": "^2.0.0"
      },
      "funding": {
        "type": "opencollective",
        "url": "https://opencollective.com/unified"
      }
    },
    "node_modules/vfile": {
      "version": "5.0.2",
      "resolved": "https://registry.npmjs.org/vfile/-/vfile-5.0.2.tgz",
      "integrity": "sha512-5cV+K7tX83MT3bievROc+7AvHv0GXDB0zqbrTjbOe+HRbkzvY4EP+wS3IR77kUBCoWFMdG9py18t0sesPtQ1Rw==",
      "dependencies": {
        "@types/unist": "^2.0.0",
        "is-buffer": "^2.0.0",
        "unist-util-stringify-position": "^3.0.0",
        "vfile-message": "^3.0.0"
      },
      "funding": {
        "type": "opencollective",
        "url": "https://opencollective.com/unified"
      }
    },
    "node_modules/vfile-message": {
      "version": "3.0.2",
      "resolved": "https://registry.npmjs.org/vfile-message/-/vfile-message-3.0.2.tgz",
      "integrity": "sha512-UUjZYIOg9lDRwwiBAuezLIsu9KlXntdxwG+nXnjuQAHvBpcX3x0eN8h+I7TkY5nkCXj+cWVp4ZqebtGBvok8ww==",
      "dependencies": {
        "@types/unist": "^2.0.0",
        "unist-util-stringify-position": "^3.0.0"
      },
      "funding": {
        "type": "opencollective",
        "url": "https://opencollective.com/unified"
      }
    },
    "node_modules/zwitch": {
      "version": "2.0.2",
      "resolved": "https://registry.npmjs.org/zwitch/-/zwitch-2.0.2.tgz",
      "integrity": "sha512-JZxotl7SxAJH0j7dN4pxsTV6ZLXoLdGME+PsjkL/DaBrVryK9kTGq06GfKrwcSOqypP+fdXGoCHE36b99fWVoA==",
      "funding": {
        "type": "github",
        "url": "https://github.com/sponsors/wooorm"
      }
    }
  },
  "dependencies": {
    "@types/mdast": {
      "version": "3.0.8",
      "resolved": "https://registry.npmjs.org/@types/mdast/-/mdast-3.0.8.tgz",
      "integrity": "sha512-HdUXWDNtDenuVJFrV2xBCLEMiw1Vn7FMuJxqJC5oBvC2adA3pgtp6CPCIMQdz3pmWxGuJjT+hOp6FnOXy6dXoQ==",
      "requires": {
        "@types/unist": "*"
      }
    },
    "@types/unist": {
      "version": "2.0.6",
      "resolved": "https://registry.npmjs.org/@types/unist/-/unist-2.0.6.tgz",
      "integrity": "sha512-PBjIUxZHOuj0R15/xuwJYjFi+KZdNFrehocChv4g5hu6aFroHue8m0lBP0POdK2nKzbw0cgV1mws8+V/JAcEkQ=="
    },
    "bail": {
      "version": "2.0.1",
      "resolved": "https://registry.npmjs.org/bail/-/bail-2.0.1.tgz",
      "integrity": "sha512-d5FoTAr2S5DSUPKl85WNm2yUwsINN8eidIdIwsOge2t33DaOfOdSmmsI11jMN3GmALCXaw+Y6HMVHDzePshFAA=="
    },
    "character-entities": {
      "version": "2.0.0",
      "resolved": "https://registry.npmjs.org/character-entities/-/character-entities-2.0.0.tgz",
      "integrity": "sha512-oHqMj3eAuJ77/P5PaIRcqk+C3hdfNwyCD2DAUcD5gyXkegAuF2USC40CEqPscDk4I8FRGMTojGJQkXDsN5QlJA=="
    },
    "character-entities-legacy": {
      "version": "2.0.0",
      "resolved": "https://registry.npmjs.org/character-entities-legacy/-/character-entities-legacy-2.0.0.tgz",
      "integrity": "sha512-YwaEtEvWLpFa6Wh3uVLrvirA/ahr9fki/NUd/Bd4OR6EdJ8D22hovYQEOUCBfQfcqnC4IAMGMsHXY1eXgL4ZZA=="
    },
    "character-reference-invalid": {
      "version": "2.0.0",
      "resolved": "https://registry.npmjs.org/character-reference-invalid/-/character-reference-invalid-2.0.0.tgz",
      "integrity": "sha512-pE3Z15lLRxDzWJy7bBHBopRwfI20sbrMVLQTC7xsPglCHf4Wv1e167OgYAFP78co2XlhojDyAqA+IAJse27//g=="
    },
    "extend": {
      "version": "3.0.2",
      "resolved": "https://registry.npmjs.org/extend/-/extend-3.0.2.tgz",
      "integrity": "sha512-fjquC59cD7CyW6urNXK0FBufkZcoiGG80wTuPujX590cB5Ttln20E2UB4S/WARVqhXffZl2LNgS+gQdPIIim/g=="
    },
    "is-alphabetical": {
      "version": "2.0.0",
      "resolved": "https://registry.npmjs.org/is-alphabetical/-/is-alphabetical-2.0.0.tgz",
      "integrity": "sha512-5OV8Toyq3oh4eq6sbWTYzlGdnMT/DPI5I0zxUBxjiigQsZycpkKF3kskkao3JyYGuYDHvhgJF+DrjMQp9SX86w=="
    },
    "is-alphanumerical": {
      "version": "2.0.0",
      "resolved": "https://registry.npmjs.org/is-alphanumerical/-/is-alphanumerical-2.0.0.tgz",
      "integrity": "sha512-t+2GlJ+hO9yagJ+jU3+HSh80VKvz/3cG2cxbGGm4S0hjKuhWQXgPVUVOZz3tqZzMjhmphZ+1TIJTlRZRoe6GCQ==",
      "requires": {
        "is-alphabetical": "^2.0.0",
        "is-decimal": "^2.0.0"
      }
    },
    "is-buffer": {
      "version": "2.0.5",
      "resolved": "https://registry.npmjs.org/is-buffer/-/is-buffer-2.0.5.tgz",
      "integrity": "sha512-i2R6zNFDwgEHJyQUtJEk0XFi1i0dPFn/oqjK3/vPCcDeJvW5NQ83V8QbicfF1SupOaB0h8ntgBC2YiE7dfyctQ=="
    },
    "is-decimal": {
      "version": "2.0.0",
      "resolved": "https://registry.npmjs.org/is-decimal/-/is-decimal-2.0.0.tgz",
      "integrity": "sha512-QfrfjQV0LjoWQ1K1XSoEZkTAzSa14RKVMa5zg3SdAfzEmQzRM4+tbSFWb78creCeA9rNBzaZal92opi1TwPWZw=="
    },
    "is-hexadecimal": {
      "version": "2.0.0",
      "resolved": "https://registry.npmjs.org/is-hexadecimal/-/is-hexadecimal-2.0.0.tgz",
      "integrity": "sha512-vGOtYkiaxwIiR0+Ng/zNId+ZZehGfINwTzdrDqc6iubbnQWhnPuYymOzOKUDqa2cSl59yHnEh2h6MvRLQsyNug=="
    },
    "is-plain-obj": {
      "version": "4.0.0",
      "resolved": "https://registry.npmjs.org/is-plain-obj/-/is-plain-obj-4.0.0.tgz",
      "integrity": "sha512-NXRbBtUdBioI73y/HmOhogw/U5msYPC9DAtGkJXeFcFWSFZw0mCUsPxk/snTuJHzNKA8kLBK4rH97RMB1BfCXw=="
    },
    "longest-streak": {
      "version": "3.0.0",
      "resolved": "https://registry.npmjs.org/longest-streak/-/longest-streak-3.0.0.tgz",
      "integrity": "sha512-XhUjWR5CFaQ03JOP+iSDS9koy8T5jfoImCZ4XprElw3BXsSk4MpVYOLw/6LTDKZhO13PlAXnB5gS4MHQTpkSOw=="
    },
    "mdast-util-to-markdown": {
      "version": "1.1.1",
      "resolved": "https://registry.npmjs.org/mdast-util-to-markdown/-/mdast-util-to-markdown-1.1.1.tgz",
      "integrity": "sha512-4puev/CxuxVdlsx5lVmuzgdqfjkkJJLS1Zm/MnejQ8I7BLeeBlbkwp6WOGJypEcN8g56LbVbhNmn84MvvcAvSQ==",
      "requires": {
        "@types/mdast": "^3.0.0",
        "@types/unist": "^2.0.0",
        "longest-streak": "^3.0.0",
        "mdast-util-to-string": "^3.0.0",
        "parse-entities": "^3.0.0",
        "zwitch": "^2.0.0"
      }
    },
    "mdast-util-to-string": {
      "version": "3.1.0",
      "resolved": "https://registry.npmjs.org/mdast-util-to-string/-/mdast-util-to-string-3.1.0.tgz",
      "integrity": "sha512-n4Vypz/DZgwo0iMHLQL49dJzlp7YtAJP+N07MZHpjPf/5XJuHUWstviF4Mn2jEiR/GNmtnRRqnwsXExk3igfFA=="
    },
    "parse-entities": {
      "version": "3.0.0",
      "resolved": "https://registry.npmjs.org/parse-entities/-/parse-entities-3.0.0.tgz",
      "integrity": "sha512-AJlcIFDNPEP33KyJLguv0xJc83BNvjxwpuUIcetyXUsLpVXAUCePJ5kIoYtEN2R1ac0cYaRu/vk9dVFkewHQhQ==",
      "requires": {
        "character-entities": "^2.0.0",
        "character-entities-legacy": "^2.0.0",
        "character-reference-invalid": "^2.0.0",
        "is-alphanumerical": "^2.0.0",
        "is-decimal": "^2.0.0",
        "is-hexadecimal": "^2.0.0"
      }
    },
    "remark-stringify": {
      "version": "10.0.0",
      "resolved": "https://registry.npmjs.org/remark-stringify/-/remark-stringify-10.0.0.tgz",
      "integrity": "sha512-3LAQqJ/qiUxkWc7fUcVuB7RtIT38rvmxfmJG8z1TiE/D8zi3JGQ2tTcTJu9Tptdpb7gFwU0whRi5q1FbFOb9yA==",
      "requires": {
        "@types/mdast": "^3.0.0",
        "mdast-util-to-markdown": "^1.0.0",
        "unified": "^10.0.0"
      }
    },
    "trough": {
      "version": "2.0.2",
      "resolved": "https://registry.npmjs.org/trough/-/trough-2.0.2.tgz",
      "integrity": "sha512-FnHq5sTMxC0sk957wHDzRnemFnNBvt/gSY99HzK8F7UP5WAbvP70yX5bd7CjEQkN+TjdxwI7g7lJ6podqrG2/w=="
    },
    "unified": {
      "version": "10.1.0",
      "resolved": "https://registry.npmjs.org/unified/-/unified-10.1.0.tgz",
      "integrity": "sha512-4U3ru/BRXYYhKbwXV6lU6bufLikoAavTwev89H5UxY8enDFaAT2VXmIXYNm6hb5oHPng/EXr77PVyDFcptbk5g==",
      "requires": {
        "@types/unist": "^2.0.0",
        "bail": "^2.0.0",
        "extend": "^3.0.0",
        "is-buffer": "^2.0.0",
        "is-plain-obj": "^4.0.0",
        "trough": "^2.0.0",
        "vfile": "^5.0.0"
      }
    },
    "unist-util-stringify-position": {
      "version": "3.0.0",
      "resolved": "https://registry.npmjs.org/unist-util-stringify-position/-/unist-util-stringify-position-3.0.0.tgz",
      "integrity": "sha512-SdfAl8fsDclywZpfMDTVDxA2V7LjtRDTOFd44wUJamgl6OlVngsqWjxvermMYf60elWHbxhuRCZml7AnuXCaSA==",
      "requires": {
        "@types/unist": "^2.0.0"
      }
    },
    "vfile": {
      "version": "5.0.2",
      "resolved": "https://registry.npmjs.org/vfile/-/vfile-5.0.2.tgz",
      "integrity": "sha512-5cV+K7tX83MT3bievROc+7AvHv0GXDB0zqbrTjbOe+HRbkzvY4EP+wS3IR77kUBCoWFMdG9py18t0sesPtQ1Rw==",
      "requires": {
        "@types/unist": "^2.0.0",
        "is-buffer": "^2.0.0",
        "unist-util-stringify-position": "^3.0.0",
        "vfile-message": "^3.0.0"
      }
    },
    "vfile-message": {
      "version": "3.0.2",
      "resolved": "https://registry.npmjs.org/vfile-message/-/vfile-message-3.0.2.tgz",
      "integrity": "sha512-UUjZYIOg9lDRwwiBAuezLIsu9KlXntdxwG+nXnjuQAHvBpcX3x0eN8h+I7TkY5nkCXj+cWVp4ZqebtGBvok8ww==",
      "requires": {
        "@types/unist": "^2.0.0",
        "unist-util-stringify-position": "^3.0.0"
      }
    },
    "zwitch": {
      "version": "2.0.2",
      "resolved": "https://registry.npmjs.org/zwitch/-/zwitch-2.0.2.tgz",
      "integrity": "sha512-JZxotl7SxAJH0j7dN4pxsTV6ZLXoLdGME+PsjkL/DaBrVryK9kTGq06GfKrwcSOqypP+fdXGoCHE36b99fWVoA=="
    }
  }
}
