# This file is generated by running "yarn install" inside your project.
# Manual changes might be lost - proceed with caution!

__metadata:
  version: 8
  cacheKey: 10c0

"@types/extend@npm:^3.0.0":
  version: 3.0.1
  resolution: "@types/extend@npm:3.0.1"
  checksum: 10c0/7e1640b484c39f4fd10d9506830b694b5dffded36d846b6caf464d37bef16b1a0af8bd464f6be3623792640e13aa0f239e4d7ad03fb00d7d61db4919a033e144
  languageName: node
  linkType: hard

"@types/hast@npm:^2.0.0":
  version: 2.3.4
  resolution: "@types/hast@npm:2.3.4"
  dependencies:
    "@types/unist": "npm:*"
  checksum: 10c0/635cfe9a8e91f6b3c15c9929455d0136ac4d75c5b7f596ce21b453cecdfda785e89b10eb2b2d9da9d43e548b1d65ba3e20c741bbaf83823575c9c45001ade4bb
  languageName: node
  linkType: hard

"@types/mdast@npm:^3.0.0":
  version: 3.0.10
  resolution: "@types/mdast@npm:3.0.10"
  dependencies:
    "@types/unist": "npm:*"
  checksum: 10c0/375f08b3910505291b2815d9edf55dca63c6c4ec58dd33c866521e68905fd4e8fe83b397e167af2cdd3799b851a7e02817d58610cfb814aee20bf3c52d87be9b
  languageName: node
  linkType: hard

"@types/nlcst@npm:^1.0.0":
  version: 1.0.0
  resolution: "@types/nlcst@npm:1.0.0"
  dependencies:
    "@types/unist": "npm:*"
  checksum: 10c0/059bc4e7ed8d89bdcf85688db4791de6c25bd212c2b17baa00da53f403406b23b0b2a1e34262fda7c40d684716e79791fc800309fcc50190c57c144f6891d41a
  languageName: node
  linkType: hard

"@types/unist@npm:*, @types/unist@npm:^2.0.0":
  version: 2.0.6
  resolution: "@types/unist@npm:2.0.6"
  checksum: 10c0/8690789328e8e10c487334341fcf879fd49f8987c98ce49849f9871052f95d87477735171bb661e6f551bdb95235e015dfdad1867ca1d9b5b88a053f72ac40eb
  languageName: node
  linkType: hard

"array-iterate@npm:^2.0.0":
  version: 2.0.1
  resolution: "array-iterate@npm:2.0.1"
  checksum: 10c0/756c08334f95e290f03ab2141b034514af1311ef7b62f15b0f5ea6f8f3033ee9cc6a8f1c3e9ff4803d4d723cf992aa61460acf5fce884936972db966b1da287d
  languageName: node
  linkType: hard

"bail@npm:^2.0.0":
  version: 2.0.2
  resolution: "bail@npm:2.0.2"
  checksum: 10c0/25cbea309ef6a1f56214187004e8f34014eb015713ea01fa5b9b7e9e776ca88d0fdffd64143ac42dc91966c915a4b7b683411b56e14929fad16153fc026ffb8b
  languageName: node
  linkType: hard

"ccount@npm:^2.0.0":
  version: 2.0.1
  resolution: "ccount@npm:2.0.1"
  checksum: 10c0/3939b1664390174484322bc3f45b798462e6c07ee6384cb3d645e0aa2f318502d174845198c1561930e1d431087f74cf1fe291ae9a4722821a9f4ba67e574350
  languageName: node
  linkType: hard

"character-entities@npm:^2.0.0":
  version: 2.0.2
  resolution: "character-entities@npm:2.0.2"
  checksum: 10c0/b0c645a45bcc90ff24f0e0140f4875a8436b8ef13b6bcd31ec02cfb2ca502b680362aa95386f7815bdc04b6464d48cf191210b3840d7c04241a149ede591a308
  languageName: node
  linkType: hard

"comma-separated-tokens@npm:^2.0.0":
  version: 2.0.3
  resolution: "comma-separated-tokens@npm:2.0.3"
  checksum: 10c0/91f90f1aae320f1755d6957ef0b864fe4f54737f3313bd95e0802686ee2ca38bff1dd381964d00ae5db42912dd1f4ae5c2709644e82706ffc6f6842a813cdd67
  languageName: node
  linkType: hard

"decode-named-character-reference@npm:^1.0.0":
  version: 1.0.2
  resolution: "decode-named-character-reference@npm:1.0.2"
  dependencies:
    character-entities: "npm:^2.0.0"
  checksum: 10c0/66a9fc5d9b5385a2b3675c69ba0d8e893393d64057f7dbbb585265bb4fc05ec513d76943b8e5aac7d8016d20eea4499322cbf4cd6d54b466976b78f3a7587a4c
  languageName: node
  linkType: hard

"dictionary-en@npm:^3.2.0":
  version: 3.2.0
  resolution: "dictionary-en@npm:3.2.0"
  checksum: 10c0/1a7b85220df61e1f27bece9387a592ea1f7721b8239b2bde82f573248fa8e7220482a7404573af158945663ddaf3f156a1672914fe7abcb7df7f167033308f2f
  languageName: node
  linkType: hard

"extend@npm:^3.0.0":
  version: 3.0.2
  resolution: "extend@npm:3.0.2"
  checksum: 10c0/73bf6e27406e80aa3e85b0d1c4fd987261e628064e170ca781125c0b635a3dabad5e05adbf07595ea0cf1e6c5396cacb214af933da7cbaf24fe75ff14818e8f9
  languageName: node
  linkType: hard

"hast-util-embedded@npm:^2.0.0":
  version: 2.0.1
  resolution: "hast-util-embedded@npm:2.0.1"
  dependencies:
    hast-util-is-element: "npm:^2.0.0"
  checksum: 10c0/3a444c656238a45f7f04aaae8b3d9ed8fe73697b87e5b877cb66c1ee7a2c52335eeba652eb25627e4ad916201f5ff4c23f42e9784708c4c46eaab916c233cf67
  languageName: node
  linkType: hard

"hast-util-from-parse5@npm:^7.0.0":
  version: 7.1.1
  resolution: "hast-util-from-parse5@npm:7.1.1"
  dependencies:
    "@types/hast": "npm:^2.0.0"
    "@types/unist": "npm:^2.0.0"
    hastscript: "npm:^7.0.0"
    property-information: "npm:^6.0.0"
    vfile: "npm:^5.0.0"
    vfile-location: "npm:^4.0.0"
    web-namespaces: "npm:^2.0.0"
  checksum: 10c0/874cc0f3811c95ca3dfe5a6ef320ddc5d64ab021fbec4722d2a04f8ddec323f4167d455e749c8ba7a2d693fcb19d5e8bded0c82c5587f1199101532ace1b568e
  languageName: node
  linkType: hard

"hast-util-has-property@npm:^2.0.0":
  version: 2.0.1
  resolution: "hast-util-has-property@npm:2.0.1"
  checksum: 10c0/0e3956ae8ad40148d908be94717c04bd237cabaf5a72093e1992a17cc9f143fd1524b27ae9af229893797babbaaa666f8735e83636523859c935a3d6b230c2ff
  languageName: node
  linkType: hard

"hast-util-is-body-ok-link@npm:^2.0.0":
  version: 2.0.0
  resolution: "hast-util-is-body-ok-link@npm:2.0.0"
  dependencies:
    "@types/hast": "npm:^2.0.0"
    hast-util-has-property: "npm:^2.0.0"
    hast-util-is-element: "npm:^2.0.0"
  checksum: 10c0/f8ae389bedc09e4636de54c65f24b2ac0bce261da7494c7d2655bea2efae9d3faf60be15ce028f1658c017a13d3384919347589382eaec71abe0ffe985dbbea5
  languageName: node
  linkType: hard

"hast-util-is-element@npm:^2.0.0":
  version: 2.1.3
  resolution: "hast-util-is-element@npm:2.1.3"
  dependencies:
    "@types/hast": "npm:^2.0.0"
    "@types/unist": "npm:^2.0.0"
  checksum: 10c0/a1f22d96a24aba39e85fc52b4f7248d66fd2fd60c0fcf9cdb0644aad92a315b22eeffe434f63791077a69196e30af629d80a04ddcedc344ca88c021bc8af19c7
  languageName: node
  linkType: hard

"hast-util-parse-selector@npm:^3.0.0":
  version: 3.1.1
  resolution: "hast-util-parse-selector@npm:3.1.1"
  dependencies:
    "@types/hast": "npm:^2.0.0"
  checksum: 10c0/34ac1707a477fd9764e328087163f1f21857bdb0f8d425bf41f6def7baf840e50e4bca2eb03072e3da4e39856de28893c4b688dcba0cc305160d53afcece4df4
  languageName: node
  linkType: hard

"hast-util-phrasing@npm:^2.0.0":
  version: 2.0.2
  resolution: "hast-util-phrasing@npm:2.0.2"
  dependencies:
    "@types/hast": "npm:^2.0.0"
    hast-util-embedded: "npm:^2.0.0"
    hast-util-has-property: "npm:^2.0.0"
    hast-util-is-body-ok-link: "npm:^2.0.0"
    hast-util-is-element: "npm:^2.0.0"
  checksum: 10c0/153aab0848c9652632b637f4172e6936e2885b3a021ebed45458fd5144cd4869db95f1e09b2d95d1d4763da04387dac98b726a89574798d1bd8596c50759bc01
  languageName: node
  linkType: hard

"hast-util-to-mdast@npm:^8.3.0":
  version: 8.4.1
  resolution: "hast-util-to-mdast@npm:8.4.1"
  dependencies:
    "@types/extend": "npm:^3.0.0"
    "@types/hast": "npm:^2.0.0"
    "@types/mdast": "npm:^3.0.0"
    "@types/unist": "npm:^2.0.0"
    extend: "npm:^3.0.0"
    hast-util-has-property: "npm:^2.0.0"
    hast-util-is-element: "npm:^2.0.0"
    hast-util-phrasing: "npm:^2.0.0"
    hast-util-to-text: "npm:^3.0.0"
    mdast-util-phrasing: "npm:^3.0.0"
    mdast-util-to-string: "npm:^3.0.0"
    rehype-minify-whitespace: "npm:^5.0.0"
    trim-trailing-lines: "npm:^2.0.0"
    unist-util-is: "npm:^5.0.0"
    unist-util-visit: "npm:^4.0.0"
  checksum: 10c0/cf693b9294e6ed0411f08c56a241cab015db30f5af9b24b80bf64113720b277368b3a2962ba9b13a72a30af82360a18c45e4eacee0644ae75587949208059cfe
  languageName: node
  linkType: hard

"hast-util-to-text@npm:^3.0.0":
  version: 3.1.2
  resolution: "hast-util-to-text@npm:3.1.2"
  dependencies:
    "@types/hast": "npm:^2.0.0"
    "@types/unist": "npm:^2.0.0"
    hast-util-is-element: "npm:^2.0.0"
    unist-util-find-after: "npm:^4.0.0"
  checksum: 10c0/0d93d04c42a066955f0425bb6056e472ea65eb5591412303acd865e59dd5962f40d15a3f70066c16013b541954ae52652ae1fd2bce99f537dca7f1a66928b916
  languageName: node
  linkType: hard

"hast-util-whitespace@npm:^2.0.0":
  version: 2.0.1
  resolution: "hast-util-whitespace@npm:2.0.1"
  checksum: 10c0/dcf6ebab091c802ffa7bb3112305c7631c15adb6c07a258f5528aefbddf82b4e162c8310ef426c48dc1dc623982cc33920e6dde5a50015d307f2778dcf6c2487
  languageName: node
  linkType: hard

"hastscript@npm:^7.0.0":
  version: 7.2.0
  resolution: "hastscript@npm:7.2.0"
  dependencies:
    "@types/hast": "npm:^2.0.0"
    comma-separated-tokens: "npm:^2.0.0"
    hast-util-parse-selector: "npm:^3.0.0"
    property-information: "npm:^6.0.0"
    space-separated-tokens: "npm:^2.0.0"
  checksum: 10c0/579912b03ff4a5b19eb609df7403c6dba2505ef1a1e2bc47cbf467cbd7cffcd51df40e74d882de1ccdda40aaf18487f82619eb9cb9f2077cba778017e95e868e
  languageName: node
  linkType: hard

"is-buffer@npm:^2.0.0":
  version: 2.0.5
  resolution: "is-buffer@npm:2.0.5"
  checksum: 10c0/e603f6fced83cf94c53399cff3bda1a9f08e391b872b64a73793b0928be3e5f047f2bcece230edb7632eaea2acdbfcb56c23b33d8a20c820023b230f1485679a
  languageName: node
  linkType: hard

"is-plain-obj@npm:^4.0.0":
  version: 4.1.0
  resolution: "is-plain-obj@npm:4.1.0"
  checksum: 10c0/32130d651d71d9564dc88ba7e6fda0e91a1010a3694648e9f4f47bb6080438140696d3e3e15c741411d712e47ac9edc1a8a9de1fe76f3487b0d90be06ac9975e
  languageName: node
  linkType: hard

"longest-streak@npm:^3.0.0":
  version: 3.1.0
  resolution: "longest-streak@npm:3.1.0"
  checksum: 10c0/7c2f02d0454b52834d1bcedef79c557bd295ee71fdabb02d041ff3aa9da48a90b5df7c0409156dedbc4df9b65da18742652aaea4759d6ece01f08971af6a7eaa
  languageName: node
  linkType: hard

"mdast-util-phrasing@npm:^3.0.0":
  version: 3.0.0
  resolution: "mdast-util-phrasing@npm:3.0.0"
  dependencies:
    "@types/mdast": "npm:^3.0.0"
    unist-util-is: "npm:^5.0.0"
  checksum: 10c0/7627e4e842d7189da1fe2e4a8f8d7785bcbca2024b53448ead07c130c019d68bc2645bb7cd2774e0353511b66e12df8414b1ed62e98ecab689aae9b9a04694a4
  languageName: node
  linkType: hard

"mdast-util-to-markdown@npm:^1.0.0":
  version: 1.5.0
  resolution: "mdast-util-to-markdown@npm:1.5.0"
  dependencies:
    "@types/mdast": "npm:^3.0.0"
    "@types/unist": "npm:^2.0.0"
    longest-streak: "npm:^3.0.0"
    mdast-util-phrasing: "npm:^3.0.0"
    mdast-util-to-string: "npm:^3.0.0"
    micromark-util-decode-string: "npm:^1.0.0"
    unist-util-visit: "npm:^4.0.0"
    zwitch: "npm:^2.0.0"
  checksum: 10c0/9831d14aa6c097750a90c7b87b4e814b040731c30606a794c9b136dc746633dd9ec07154ca97d4fec4eaf732cf89d14643424e2581732d6ee18c9b0e51ff7664
  languageName: node
  linkType: hard

"mdast-util-to-string@npm:^3.0.0":
  version: 3.1.0
  resolution: "mdast-util-to-string@npm:3.1.0"
  checksum: 10c0/ce329d5da6038fbeaee26873c3ae8b269bfbfc39cd6cf42799ecff21030d6c5853a1013d053c60ed25baf0f03723e77019149ad3cad1c764e3bbd49379fbaba7
  languageName: node
  linkType: hard

"micromark-util-character@npm:^1.0.0":
  version: 1.1.0
  resolution: "micromark-util-character@npm:1.1.0"
  dependencies:
    micromark-util-symbol: "npm:^1.0.0"
    micromark-util-types: "npm:^1.0.0"
  checksum: 10c0/16810080f710123e236dca1455bcc75d788beb78c276e42720382781daecb437fd13bb762cccc073d8049ab9ebbb0919295344f3105b3c4942c52d0fbe0153e2
  languageName: node
  linkType: hard

"micromark-util-decode-numeric-character-reference@npm:^1.0.0":
  version: 1.0.0
  resolution: "micromark-util-decode-numeric-character-reference@npm:1.0.0"
  dependencies:
    micromark-util-symbol: "npm:^1.0.0"
  checksum: 10c0/5d53453876defe7c821ea9af83cef90a261c8cbe7af32dbbd34b5b80eb521f08523bd4632cb73c6fd2b64f7383e28aaa07d227a2e43c7bc0f6659241278b3826
  languageName: node
  linkType: hard

"micromark-util-decode-string@npm:^1.0.0":
  version: 1.0.2
  resolution: "micromark-util-decode-string@npm:1.0.2"
  dependencies:
    decode-named-character-reference: "npm:^1.0.0"
    micromark-util-character: "npm:^1.0.0"
    micromark-util-decode-numeric-character-reference: "npm:^1.0.0"
    micromark-util-symbol: "npm:^1.0.0"
  checksum: 10c0/325300615d45084c61361c5480269690e2f1c173ee96caa85dcb406d2930be587467510037374fe81dd318d226fefb654e862c45ecf7cc12d9f53354ed3e7d43
  languageName: node
  linkType: hard

"micromark-util-symbol@npm:^1.0.0":
  version: 1.0.1
  resolution: "micromark-util-symbol@npm:1.0.1"
  checksum: 10c0/760dbebaf853b8d6e690f911ef5e7bcd52c3b5447c8a99c309dfc874f5c30dc6428bd600669ac8c47a46de54fce337b366474e429f9c2f859f0f59cb1516b22c
  languageName: node
  linkType: hard

"micromark-util-types@npm:^1.0.0":
  version: 1.0.2
  resolution: "micromark-util-types@npm:1.0.2"
  checksum: 10c0/850fa76d1ed229e906d16ab91f023f680adf9b3d6adb0332983d2fc0d650dded416aac7846e0a23f154efffb43e36df1f8312831e0ed5e28f059eb50f11f2097
  languageName: node
  linkType: hard

"nlcst-is-literal@npm:^2.0.0":
  version: 2.1.1
  resolution: "nlcst-is-literal@npm:2.1.1"
  dependencies:
    "@types/nlcst": "npm:^1.0.0"
    "@types/unist": "npm:^2.0.0"
    nlcst-to-string: "npm:^3.0.0"
  checksum: 10c0/5926df3538079e9ac2da1f44fc46b1059d3426258570552d9f146382570b9e39f01f3b37d4967d6c468c423e5e2133c5ed1ebb730b0e50932b3e6e78e6e6dd1e
  languageName: node
  linkType: hard

"nlcst-to-string@npm:^3.0.0":
  version: 3.1.1
  resolution: "nlcst-to-string@npm:3.1.1"
  dependencies:
    "@types/nlcst": "npm:^1.0.0"
  checksum: 10c0/949f4dd3843ddc3e0ea34581ce72157ba2ad7f08c3a845249423c99c6884282f9d89cf2d0abed732e41a6aaf7210d676f31dc02e9f51f173f0fe2f3edc9936ce
  languageName: node
  linkType: hard

"nspell@npm:^2.0.0":
  version: 2.1.5
  resolution: "nspell@npm:2.1.5"
  dependencies:
    is-buffer: "npm:^2.0.0"
  checksum: 10c0/b91f52bbd5bcf9a5ac024942cb9a61481d522ed67044ecbd45f7de70861677137c4eb66e4a9097c73faae717bf25c0ee5fac00f803fdb59203d923f55612b21a
  languageName: node
  linkType: hard

"parse5@npm:^6.0.0":
  version: 6.0.1
  resolution: "parse5@npm:6.0.1"
  checksum: 10c0/595821edc094ecbcfb9ddcb46a3e1fe3a718540f8320eff08b8cf6742a5114cce2d46d45f95c26191c11b184dcaf4e2960abcd9c5ed9eb9393ac9a37efcfdecb
  languageName: node
  linkType: hard

"property-information@npm:^6.0.0":
  version: 6.2.0
  resolution: "property-information@npm:6.2.0"
  checksum: 10c0/daf929ea81354cbbca1e189063cfd606038c11acb30312aa8f8d79a7168163139ff960b6c478542dad6831fa48a3bf3ab8b3dab1b3e34570da32040537b154da
  languageName: node
  linkType: hard

"quotation@npm:^2.0.0":
  version: 2.0.2
  resolution: "quotation@npm:2.0.2"
  checksum: 10c0/c18cd54c52c55a4e136b5f60a891f1ddcef484f7bb74192aafd69f4aef5d21ccd763e31d76a0f9eac77fd0da9e22e946015a7dbc7ceda97e9341c7b8214adde5
  languageName: node
  linkType: hard

"rehype-minify-whitespace@npm:^5.0.0":
  version: 5.0.1
  resolution: "rehype-minify-whitespace@npm:5.0.1"
  dependencies:
    "@types/hast": "npm:^2.0.0"
    hast-util-embedded: "npm:^2.0.0"
    hast-util-is-element: "npm:^2.0.0"
    hast-util-whitespace: "npm:^2.0.0"
    unified: "npm:^10.0.0"
    unist-util-is: "npm:^5.0.0"
  checksum: 10c0/f68b0b49d12e508065d4689c81178a187c36799af6e57beb983c86382997548b49648fe642d1ea982e26a679d59ad672744338dfee2a405eac993bc5fc0f2f15
  languageName: node
  linkType: hard

"rehype-parse@npm:^8.0.2":
  version: 8.0.4
  resolution: "rehype-parse@npm:8.0.4"
  dependencies:
    "@types/hast": "npm:^2.0.0"
    hast-util-from-parse5: "npm:^7.0.0"
    parse5: "npm:^6.0.0"
    unified: "npm:^10.0.0"
  checksum: 10c0/24e3a999ca24ae26e616d71984679f9e811fe2d81b45a5f70ab84314d3c6490476a5801bc493a34993b4b980814e48e90d7871bac5b1492f16b1b35095b4758b
  languageName: node
  linkType: hard

"rehype-remark@npm:^9.0.0":
  version: 9.1.2
  resolution: "rehype-remark@npm:9.1.2"
  dependencies:
    "@types/hast": "npm:^2.0.0"
    "@types/mdast": "npm:^3.0.0"
    hast-util-to-mdast: "npm:^8.3.0"
    unified: "npm:^10.0.0"
  checksum: 10c0/0d205800d6a0b545a759983b44ee11b4b969c1e32bc09b3503f31f62814e6f58172d815495f59a1d638c66188f921ab66992f82f87f3aaeb4b0ae2e0a3565ba7
  languageName: node
  linkType: hard

"remark-stringify@npm:^10.0.0":
  version: 10.0.2
  resolution: "remark-stringify@npm:10.0.2"
  dependencies:
    "@types/mdast": "npm:^3.0.0"
    mdast-util-to-markdown: "npm:^1.0.0"
    unified: "npm:^10.0.0"
  checksum: 10c0/1dce9ef753d1a6cbbc303684e35887db25fc5b9c5a464862f5bb7dfe1b57a19f3c08561e241749c2de23848c94ac74c675e3bb09fecb73abb30a3bebc4e5fb0a
  languageName: node
  linkType: hard

"retext-repeated-words@npm:^4.2.0":
  version: 4.2.0
  resolution: "retext-repeated-words@npm:4.2.0"
  dependencies:
    "@types/nlcst": "npm:^1.0.0"
    nlcst-to-string: "npm:^3.0.0"
    unified: "npm:^10.0.0"
    unist-util-position: "npm:^4.0.0"
    unist-util-visit: "npm:^4.0.0"
  checksum: 10c0/5a153f7469ccca4d563e2273e4be021981cf0d819fdac3b8dda32b73eea364adf4f563161bfa503355f6d1a9e4b60be1680d2591bf0dc7e44ab10b98906bb437
  languageName: node
  linkType: hard

"retext-sentence-spacing@npm:^5.2.0":
  version: 5.2.0
  resolution: "retext-sentence-spacing@npm:5.2.0"
  dependencies:
    "@types/nlcst": "npm:^1.0.0"
    "@types/unist": "npm:^2.0.0"
    nlcst-to-string: "npm:^3.0.0"
    unified: "npm:^10.0.0"
    unist-util-is: "npm:^5.0.0"
    unist-util-visit: "npm:^4.0.0"
  checksum: 10c0/b149c380cd4520fc158981f68361e53fd61a0b0b60c42c49a79f5824111a4c5326b18d8591e6eb9518470a774afa80c7bf5dbdc6930a93c1fbe7530e16dbb866
  languageName: node
  linkType: hard

"retext-spell@npm:^5.3.0":
  version: 5.3.0
  resolution: "retext-spell@npm:5.3.0"
  dependencies:
    "@types/nlcst": "npm:^1.0.0"
    nlcst-is-literal: "npm:^2.0.0"
    nlcst-to-string: "npm:^3.0.0"
    nspell: "npm:^2.0.0"
    quotation: "npm:^2.0.0"
    unified: "npm:^10.0.0"
    unist-util-visit: "npm:^4.0.0"
  checksum: 10c0/063bee50b63d2327c41ce3b57ea71e59c5cf7295ad8523c53d6ed5dba46b93f8bb9c2246edad3e6bae6a869495b870dcc191e5c6b8bdd49e67b0e8410f8b8da8
  languageName: node
  linkType: hard

"retext-syntax-urls@npm:^3.1.2":
  version: 3.1.2
  resolution: "retext-syntax-urls@npm:3.1.2"
  dependencies:
    "@types/nlcst": "npm:^1.0.0"
    "@types/unist": "npm:^2.0.0"
    ccount: "npm:^2.0.0"
    nlcst-to-string: "npm:^3.0.0"
    unified: "npm:^10.0.0"
    unist-util-modify-children: "npm:^3.0.0"
    unist-util-position: "npm:^4.0.0"
  checksum: 10c0/1f0eaac612d626cdd83254d1f0d116ebcabe7af083747b69544ab83662f8d15c17181cfd158dde7645efd3b0639a5ea5b570bda5074cbe806a8e61ee341f4473
  languageName: node
  linkType: hard

"root-workspace-0b6124@workspace:.":
  version: 0.0.0-use.local
  resolution: "root-workspace-0b6124@workspace:."
  dependencies:
    dictionary-en: "npm:^3.2.0"
    rehype-parse: "npm:^8.0.2"
    rehype-remark: "npm:^9.0.0"
    remark-stringify: "npm:^10.0.0"
    retext-repeated-words: "npm:^4.2.0"
    retext-sentence-spacing: "npm:^5.2.0"
    retext-spell: "npm:^5.3.0"
    retext-syntax-urls: "npm:^3.1.2"
    unified: "npm:^10.1.2"
  languageName: unknown
  linkType: soft

"space-separated-tokens@npm:^2.0.0":
  version: 2.0.2
  resolution: "space-separated-tokens@npm:2.0.2"
  checksum: 10c0/6173e1d903dca41dcab6a2deed8b4caf61bd13b6d7af8374713500570aa929ff9414ae09a0519f4f8772df993300305a395d4871f35bc4ca72b6db57e1f30af8
  languageName: node
  linkType: hard

"trim-trailing-lines@npm:^2.0.0":
  version: 2.1.0
  resolution: "trim-trailing-lines@npm:2.1.0"
  checksum: 10c0/9b010d16b191422d08678f5a4988213dffd8ae9445e1b0f7f7b3e5b28ffdb062a8465a7988b66999b90589b386ddc93b56d23545ba75a74ebaf5838b30594cb9
  languageName: node
  linkType: hard

"trough@npm:^2.0.0":
  version: 2.1.0
  resolution: "trough@npm:2.1.0"
  checksum: 10c0/9a973f0745fa69b9d34f29fe8123599abb6915350a5f4e9e9c9026156219f8774af062d916f4ec327b796149188719170ad87f0d120f1e94271a1843366efcc3
  languageName: node
  linkType: hard

"unified@npm:^10.0.0, unified@npm:^10.1.2":
  version: 10.1.2
  resolution: "unified@npm:10.1.2"
  dependencies:
    "@types/unist": "npm:^2.0.0"
    bail: "npm:^2.0.0"
    extend: "npm:^3.0.0"
    is-buffer: "npm:^2.0.0"
    is-plain-obj: "npm:^4.0.0"
    trough: "npm:^2.0.0"
    vfile: "npm:^5.0.0"
  checksum: 10c0/da9195e3375a74ab861a65e1d7b0454225d17a61646697911eb6b3e97de41091930ed3d167eb11881d4097c51deac407091d39ddd1ee8bf1fde3f946844a17a7
  languageName: node
  linkType: hard

"unist-util-find-after@npm:^4.0.0":
  version: 4.0.1
  resolution: "unist-util-find-after@npm:4.0.1"
  dependencies:
    "@types/unist": "npm:^2.0.0"
    unist-util-is: "npm:^5.0.0"
  checksum: 10c0/3b53e6a74009ed4f5db45aae76b81630f0fcd721825f886e724d5262089955fce86d83e98083598820cb4fa48070b7b819390d66c410f705a4841d0ffc0614f1
  languageName: node
  linkType: hard

"unist-util-is@npm:^5.0.0":
  version: 5.2.0
  resolution: "unist-util-is@npm:5.2.0"
  checksum: 10c0/9ad01523d54341030a9c2cdef5297c6dd0ed9854f4bbf432e93ce61d2c5da599650cfd2b1bfc80792d869702d5f291c1d726340ed607097492d55d0dd4354e16
  languageName: node
  linkType: hard

"unist-util-modify-children@npm:^3.0.0":
  version: 3.1.1
  resolution: "unist-util-modify-children@npm:3.1.1"
  dependencies:
    "@types/unist": "npm:^2.0.0"
    array-iterate: "npm:^2.0.0"
  checksum: 10c0/8a74fb4b48f7442680c32ab8562c443f0366ae0e2c8b3c6ad2323a72c36447dfc1df2eeaebf5457efeb682cff64de4fb09655b49aa11d0915719f50dba349730
  languageName: node
  linkType: hard

"unist-util-position@npm:^4.0.0":
  version: 4.0.4
  resolution: "unist-util-position@npm:4.0.4"
  dependencies:
    "@types/unist": "npm:^2.0.0"
  checksum: 10c0/e506d702e25a0fb47a64502054f709a6ff5db98993bf139eec868cd11eb7de34392b781c6c2002e2c24d97aa398c14b32a47076129f36e4b894a2c1351200888
  languageName: node
  linkType: hard

"unist-util-stringify-position@npm:^3.0.0":
  version: 3.0.3
  resolution: "unist-util-stringify-position@npm:3.0.3"
  dependencies:
    "@types/unist": "npm:^2.0.0"
  checksum: 10c0/14550027825230528f6437dad7f2579a841780318569851291be6c8a970bae6f65a7feb24dabbcfce0e5e68cacae85bf12cbda3f360f7c873b4db602bdf7bb21
  languageName: node
  linkType: hard

"unist-util-visit-parents@npm:^5.1.1":
  version: 5.1.3
  resolution: "unist-util-visit-parents@npm:5.1.3"
  dependencies:
    "@types/unist": "npm:^2.0.0"
    unist-util-is: "npm:^5.0.0"
  checksum: 10c0/f6829bfd8f2eddf63a32e2c302cd50978ef0c194b792c6fe60c2b71dfd7232415a3c5941903972543e9d34e6a8ea69dee9ccd95811f4a795495ed2ae855d28d0
  languageName: node
  linkType: hard

"unist-util-visit@npm:^4.0.0":
  version: 4.1.2
  resolution: "unist-util-visit@npm:4.1.2"
  dependencies:
    "@types/unist": "npm:^2.0.0"
    unist-util-is: "npm:^5.0.0"
    unist-util-visit-parents: "npm:^5.1.1"
  checksum: 10c0/56a1f49a4d8e321e75b3c7821d540a45165a031dd06324bb0e8c75e7737bc8d73bdddbf0b0ca82000f9708a4c36861c6ebe88d01f7cf00e925f5d75f13a3a017
  languageName: node
  linkType: hard

"vfile-location@npm:^4.0.0":
  version: 4.0.1
  resolution: "vfile-location@npm:4.0.1"
  dependencies:
    "@types/unist": "npm:^2.0.0"
    vfile: "npm:^5.0.0"
  checksum: 10c0/b1690417243561fa7b1e23c3a9ed79ca8880738d16db1f8e51f2d09655e9660283bf12d9649e60e692a7461d01d644341fb902b78a15d8aaccca9c163469e6dc
  languageName: node
  linkType: hard

"vfile-message@npm:^3.0.0":
  version: 3.1.3
  resolution: "vfile-message@npm:3.1.3"
  dependencies:
    "@types/unist": "npm:^2.0.0"
    unist-util-stringify-position: "npm:^3.0.0"
  checksum: 10c0/1bb2387807fb3037ffc1e6f9b15b4ba3bde0341d268786e1841979056d03af751a843c29a70ef819df76fb160702ea1d8373b01053293eab6487507428075dd8
  languageName: node
  linkType: hard

"vfile@npm:^5.0.0":
  version: 5.3.6
  resolution: "vfile@npm:5.3.6"
  dependencies:
    "@types/unist": "npm:^2.0.0"
    is-buffer: "npm:^2.0.0"
    unist-util-stringify-position: "npm:^3.0.0"
    vfile-message: "npm:^3.0.0"
  checksum: 10c0/44b80d35e384fa86b464a179a80bd57c90d56828cc4b589bd59380ea084ed40a8ad2b40306172731c30c20125b2e8c2d732718ee664baaf12c5c6cf7fe772ac1
  languageName: node
  linkType: hard

"web-namespaces@npm:^2.0.0":
  version: 2.0.1
  resolution: "web-namespaces@npm:2.0.1"
  checksum: 10c0/df245f466ad83bd5cd80bfffc1674c7f64b7b84d1de0e4d2c0934fb0782e0a599164e7197a4bce310ee3342fd61817b8047ff04f076a1ce12dd470584142a4bd
  languageName: node
  linkType: hard

"zwitch@npm:^2.0.0":
  version: 2.0.4
  resolution: "zwitch@npm:2.0.4"
  checksum: 10c0/3c7830cdd3378667e058ffdb4cf2bb78ac5711214e2725900873accb23f3dfe5f9e7e5a06dcdc5f29605da976fc45c26d9a13ca334d6eea2245a15e77b8fc06e
  languageName: node
  linkType: hard
