# This file is generated by running "yarn install" inside your project.
# Manual changes might be lost - proceed with caution!

__metadata:
  version: 8
  cacheKey: 10c0

"@biomejs/biome@npm:2.4.10":
  version: 2.4.10
  resolution: "@biomejs/biome@npm:2.4.10"
  dependencies:
    "@biomejs/cli-darwin-arm64": "npm:2.4.10"
    "@biomejs/cli-darwin-x64": "npm:2.4.10"
    "@biomejs/cli-linux-arm64": "npm:2.4.10"
    "@biomejs/cli-linux-arm64-musl": "npm:2.4.10"
    "@biomejs/cli-linux-x64": "npm:2.4.10"
    "@biomejs/cli-linux-x64-musl": "npm:2.4.10"
    "@biomejs/cli-win32-arm64": "npm:2.4.10"
    "@biomejs/cli-win32-x64": "npm:2.4.10"
  dependenciesMeta:
    "@biomejs/cli-darwin-arm64":
      optional: true
    "@biomejs/cli-darwin-x64":
      optional: true
    "@biomejs/cli-linux-arm64":
      optional: true
    "@biomejs/cli-linux-arm64-musl":
      optional: true
    "@biomejs/cli-linux-x64":
      optional: true
    "@biomejs/cli-linux-x64-musl":
      optional: true
    "@biomejs/cli-win32-arm64":
      optional: true
    "@biomejs/cli-win32-x64":
      optional: true
  bin:
    biome: bin/biome
  checksum: 10c0/80d10d5e6fa41a24efb9020ee73b79b0aca46942b55ea96e880c3bb45ea14c71e49fb1be9f134bee23b2d940bb8cad51a70351ca051e09a43613018dba693bd6
  languageName: node
  linkType: hard

"@biomejs/cli-darwin-arm64@npm:2.4.10":
  version: 2.4.10
  resolution: "@biomejs/cli-darwin-arm64@npm:2.4.10"
  conditions: os=darwin & cpu=arm64
  languageName: node
  linkType: hard

"@biomejs/cli-darwin-x64@npm:2.4.10":
  version: 2.4.10
  resolution: "@biomejs/cli-darwin-x64@npm:2.4.10"
  conditions: os=darwin & cpu=x64
  languageName: node
  linkType: hard

"@biomejs/cli-linux-arm64-musl@npm:2.4.10":
  version: 2.4.10
  resolution: "@biomejs/cli-linux-arm64-musl@npm:2.4.10"
  conditions: os=linux & cpu=arm64 & libc=musl
  languageName: node
  linkType: hard

"@biomejs/cli-linux-arm64@npm:2.4.10":
  version: 2.4.10
  resolution: "@biomejs/cli-linux-arm64@npm:2.4.10"
  conditions: os=linux & cpu=arm64 & libc=glibc
  languageName: node
  linkType: hard

"@biomejs/cli-linux-x64-musl@npm:2.4.10":
  version: 2.4.10
  resolution: "@biomejs/cli-linux-x64-musl@npm:2.4.10"
  conditions: os=linux & cpu=x64 & libc=musl
  languageName: node
  linkType: hard

"@biomejs/cli-linux-x64@npm:2.4.10":
  version: 2.4.10
  resolution: "@biomejs/cli-linux-x64@npm:2.4.10"
  conditions: os=linux & cpu=x64 & libc=glibc
  languageName: node
  linkType: hard

"@biomejs/cli-win32-arm64@npm:2.4.10":
  version: 2.4.10
  resolution: "@biomejs/cli-win32-arm64@npm:2.4.10"
  conditions: os=win32 & cpu=arm64
  languageName: node
  linkType: hard

"@biomejs/cli-win32-x64@npm:2.4.10":
  version: 2.4.10
  resolution: "@biomejs/cli-win32-x64@npm:2.4.10"
  conditions: os=win32 & cpu=x64
  languageName: node
  linkType: hard

"@types/nlcst@npm:^1.0.0":
  version: 1.0.4
  resolution: "@types/nlcst@npm:1.0.4"
  dependencies:
    "@types/unist": "npm:^2"
  checksum: 10c0/27c60d3330a0f2f94b12f16b55947bf1e87ffdf63c80daa0b9e1eb28811df2051e43a1f6813a54b838b86e7dddced53ae53910354bb6645f130a3968518d5b38
  languageName: node
  linkType: hard

"@types/unist@npm:^2, @types/unist@npm:^2.0.0":
  version: 2.0.11
  resolution: "@types/unist@npm:2.0.11"
  checksum: 10c0/24dcdf25a168f453bb70298145eb043cfdbb82472db0bc0b56d6d51cd2e484b9ed8271d4ac93000a80da568f2402e9339723db262d0869e2bf13bc58e081768d
  languageName: node
  linkType: hard

"@types/unist@npm:^3.0.0":
  version: 3.0.3
  resolution: "@types/unist@npm:3.0.3"
  checksum: 10c0/2b1e4adcab78388e088fcc3c0ae8700f76619dbcb4741d7d201f87e2cb346bfc29a89003cfea2d76c996e1061452e14fcd737e8b25aacf949c1f2d6b2bc3dd60
  languageName: node
  linkType: hard

"array-iterate@npm:^2.0.0":
  version: 2.0.1
  resolution: "array-iterate@npm:2.0.1"
  checksum: 10c0/756c08334f95e290f03ab2141b034514af1311ef7b62f15b0f5ea6f8f3033ee9cc6a8f1c3e9ff4803d4d723cf992aa61460acf5fce884936972db966b1da287d
  languageName: node
  linkType: hard

"bail@npm:^2.0.0":
  version: 2.0.2
  resolution: "bail@npm:2.0.2"
  checksum: 10c0/25cbea309ef6a1f56214187004e8f34014eb015713ea01fa5b9b7e9e776ca88d0fdffd64143ac42dc91966c915a4b7b683411b56e14929fad16153fc026ffb8b
  languageName: node
  linkType: hard

"ccount@npm:^2.0.0":
  version: 2.0.1
  resolution: "ccount@npm:2.0.1"
  checksum: 10c0/3939b1664390174484322bc3f45b798462e6c07ee6384cb3d645e0aa2f318502d174845198c1561930e1d431087f74cf1fe291ae9a4722821a9f4ba67e574350
  languageName: node
  linkType: hard

"dequal@npm:^2.0.0":
  version: 2.0.3
  resolution: "dequal@npm:2.0.3"
  checksum: 10c0/f98860cdf58b64991ae10205137c0e97d384c3a4edc7f807603887b7c4b850af1224a33d88012009f150861cbee4fa2d322c4cc04b9313bee312e47f6ecaa888
  languageName: node
  linkType: hard

"devlop@npm:^1.0.0":
  version: 1.1.0
  resolution: "devlop@npm:1.1.0"
  dependencies:
    dequal: "npm:^2.0.0"
  checksum: 10c0/e0928ab8f94c59417a2b8389c45c55ce0a02d9ac7fd74ef62d01ba48060129e1d594501b77de01f3eeafc7cb00773819b0df74d96251cf20b31c5b3071f45c0e
  languageName: node
  linkType: hard

"dictionary-en@npm:^4.0.0":
  version: 4.0.0
  resolution: "dictionary-en@npm:4.0.0"
  checksum: 10c0/2d64f1c2592678c0b650220cd43ccaaadfeb6919dbb9bf855ccdeec424276d844955fb72fb5b3d8d71f2fac6169b3aec5d2854f52c262656126cbae78049f611
  languageName: node
  linkType: hard

"extend@npm:^3.0.0":
  version: 3.0.2
  resolution: "extend@npm:3.0.2"
  checksum: 10c0/73bf6e27406e80aa3e85b0d1c4fd987261e628064e170ca781125c0b635a3dabad5e05adbf07595ea0cf1e6c5396cacb214af933da7cbaf24fe75ff14818e8f9
  languageName: node
  linkType: hard

"is-buffer@npm:^2.0.0":
  version: 2.0.5
  resolution: "is-buffer@npm:2.0.5"
  checksum: 10c0/e603f6fced83cf94c53399cff3bda1a9f08e391b872b64a73793b0928be3e5f047f2bcece230edb7632eaea2acdbfcb56c23b33d8a20c820023b230f1485679a
  languageName: node
  linkType: hard

"is-plain-obj@npm:^4.0.0":
  version: 4.1.0
  resolution: "is-plain-obj@npm:4.1.0"
  checksum: 10c0/32130d651d71d9564dc88ba7e6fda0e91a1010a3694648e9f4f47bb6080438140696d3e3e15c741411d712e47ac9edc1a8a9de1fe76f3487b0d90be06ac9975e
  languageName: node
  linkType: hard

"nlcst-is-literal@npm:^2.0.0":
  version: 2.1.1
  resolution: "nlcst-is-literal@npm:2.1.1"
  dependencies:
    "@types/nlcst": "npm:^1.0.0"
    "@types/unist": "npm:^2.0.0"
    nlcst-to-string: "npm:^3.0.0"
  checksum: 10c0/5926df3538079e9ac2da1f44fc46b1059d3426258570552d9f146382570b9e39f01f3b37d4967d6c468c423e5e2133c5ed1ebb730b0e50932b3e6e78e6e6dd1e
  languageName: node
  linkType: hard

"nlcst-to-string@npm:^3.0.0":
  version: 3.1.1
  resolution: "nlcst-to-string@npm:3.1.1"
  dependencies:
    "@types/nlcst": "npm:^1.0.0"
  checksum: 10c0/949f4dd3843ddc3e0ea34581ce72157ba2ad7f08c3a845249423c99c6884282f9d89cf2d0abed732e41a6aaf7210d676f31dc02e9f51f173f0fe2f3edc9936ce
  languageName: node
  linkType: hard

"nspell@npm:^2.0.0":
  version: 2.1.5
  resolution: "nspell@npm:2.1.5"
  dependencies:
    is-buffer: "npm:^2.0.0"
  checksum: 10c0/b91f52bbd5bcf9a5ac024942cb9a61481d522ed67044ecbd45f7de70861677137c4eb66e4a9097c73faae717bf25c0ee5fac00f803fdb59203d923f55612b21a
  languageName: node
  linkType: hard

"quotation@npm:^2.0.0":
  version: 2.0.3
  resolution: "quotation@npm:2.0.3"
  checksum: 10c0/802dd664ab24b4a6a4fa361d25c585267e32870ce7be461bc24bae73b2338ab1990132d36f7167925b3d60013851e6f9cf5b3f3d6e2d0638e07f383f44fbd631
  languageName: node
  linkType: hard

"retext-repeated-words@npm:^4.2.0":
  version: 4.2.0
  resolution: "retext-repeated-words@npm:4.2.0"
  dependencies:
    "@types/nlcst": "npm:^1.0.0"
    nlcst-to-string: "npm:^3.0.0"
    unified: "npm:^10.0.0"
    unist-util-position: "npm:^4.0.0"
    unist-util-visit: "npm:^4.0.0"
  checksum: 10c0/5a153f7469ccca4d563e2273e4be021981cf0d819fdac3b8dda32b73eea364adf4f563161bfa503355f6d1a9e4b60be1680d2591bf0dc7e44ab10b98906bb437
  languageName: node
  linkType: hard

"retext-sentence-spacing@npm:^5.2.0":
  version: 5.2.0
  resolution: "retext-sentence-spacing@npm:5.2.0"
  dependencies:
    "@types/nlcst": "npm:^1.0.0"
    "@types/unist": "npm:^2.0.0"
    nlcst-to-string: "npm:^3.0.0"
    unified: "npm:^10.0.0"
    unist-util-is: "npm:^5.0.0"
    unist-util-visit: "npm:^4.0.0"
  checksum: 10c0/b149c380cd4520fc158981f68361e53fd61a0b0b60c42c49a79f5824111a4c5326b18d8591e6eb9518470a774afa80c7bf5dbdc6930a93c1fbe7530e16dbb866
  languageName: node
  linkType: hard

"retext-spell@npm:^5.3.0":
  version: 5.3.0
  resolution: "retext-spell@npm:5.3.0"
  dependencies:
    "@types/nlcst": "npm:^1.0.0"
    nlcst-is-literal: "npm:^2.0.0"
    nlcst-to-string: "npm:^3.0.0"
    nspell: "npm:^2.0.0"
    quotation: "npm:^2.0.0"
    unified: "npm:^10.0.0"
    unist-util-visit: "npm:^4.0.0"
  checksum: 10c0/063bee50b63d2327c41ce3b57ea71e59c5cf7295ad8523c53d6ed5dba46b93f8bb9c2246edad3e6bae6a869495b870dcc191e5c6b8bdd49e67b0e8410f8b8da8
  languageName: node
  linkType: hard

"retext-syntax-urls@npm:^3.1.2":
  version: 3.1.2
  resolution: "retext-syntax-urls@npm:3.1.2"
  dependencies:
    "@types/nlcst": "npm:^1.0.0"
    "@types/unist": "npm:^2.0.0"
    ccount: "npm:^2.0.0"
    nlcst-to-string: "npm:^3.0.0"
    unified: "npm:^10.0.0"
    unist-util-modify-children: "npm:^3.0.0"
    unist-util-position: "npm:^4.0.0"
  checksum: 10c0/1f0eaac612d626cdd83254d1f0d116ebcabe7af083747b69544ab83662f8d15c17181cfd158dde7645efd3b0639a5ea5b570bda5074cbe806a8e61ee341f4473
  languageName: node
  linkType: hard

"root-workspace-0b6124@workspace:.":
  version: 0.0.0-use.local
  resolution: "root-workspace-0b6124@workspace:."
  dependencies:
    "@biomejs/biome": "npm:2.4.10"
    dictionary-en: "npm:^4.0.0"
    retext-repeated-words: "npm:^4.2.0"
    retext-sentence-spacing: "npm:^5.2.0"
    retext-spell: "npm:^5.3.0"
    retext-syntax-urls: "npm:^3.1.2"
    unified: "npm:^11.0.5"
  languageName: unknown
  linkType: soft

"trough@npm:^2.0.0":
  version: 2.2.0
  resolution: "trough@npm:2.2.0"
  checksum: 10c0/58b671fc970e7867a48514168894396dd94e6d9d6456aca427cc299c004fe67f35ed7172a36449086b2edde10e78a71a284ec0076809add6834fb8f857ccb9b0
  languageName: node
  linkType: hard

"unified@npm:^10.0.0":
  version: 10.1.2
  resolution: "unified@npm:10.1.2"
  dependencies:
    "@types/unist": "npm:^2.0.0"
    bail: "npm:^2.0.0"
    extend: "npm:^3.0.0"
    is-buffer: "npm:^2.0.0"
    is-plain-obj: "npm:^4.0.0"
    trough: "npm:^2.0.0"
    vfile: "npm:^5.0.0"
  checksum: 10c0/da9195e3375a74ab861a65e1d7b0454225d17a61646697911eb6b3e97de41091930ed3d167eb11881d4097c51deac407091d39ddd1ee8bf1fde3f946844a17a7
  languageName: node
  linkType: hard

"unified@npm:^11.0.5":
  version: 11.0.5
  resolution: "unified@npm:11.0.5"
  dependencies:
    "@types/unist": "npm:^3.0.0"
    bail: "npm:^2.0.0"
    devlop: "npm:^1.0.0"
    extend: "npm:^3.0.0"
    is-plain-obj: "npm:^4.0.0"
    trough: "npm:^2.0.0"
    vfile: "npm:^6.0.0"
  checksum: 10c0/53c8e685f56d11d9d458a43e0e74328a4d6386af51c8ac37a3dcabec74ce5026da21250590d4aff6733ccd7dc203116aae2b0769abc18cdf9639a54ae528dfc9
  languageName: node
  linkType: hard

"unist-util-is@npm:^5.0.0":
  version: 5.2.1
  resolution: "unist-util-is@npm:5.2.1"
  dependencies:
    "@types/unist": "npm:^2.0.0"
  checksum: 10c0/a2376910b832bb10653d2167c3cd85b3610a5fd53f5169834c08b3c3a720fae9043d75ad32d727eedfc611491966c26a9501d428ec62467edc17f270feb5410b
  languageName: node
  linkType: hard

"unist-util-modify-children@npm:^3.0.0":
  version: 3.1.1
  resolution: "unist-util-modify-children@npm:3.1.1"
  dependencies:
    "@types/unist": "npm:^2.0.0"
    array-iterate: "npm:^2.0.0"
  checksum: 10c0/8a74fb4b48f7442680c32ab8562c443f0366ae0e2c8b3c6ad2323a72c36447dfc1df2eeaebf5457efeb682cff64de4fb09655b49aa11d0915719f50dba349730
  languageName: node
  linkType: hard

"unist-util-position@npm:^4.0.0":
  version: 4.0.4
  resolution: "unist-util-position@npm:4.0.4"
  dependencies:
    "@types/unist": "npm:^2.0.0"
  checksum: 10c0/e506d702e25a0fb47a64502054f709a6ff5db98993bf139eec868cd11eb7de34392b781c6c2002e2c24d97aa398c14b32a47076129f36e4b894a2c1351200888
  languageName: node
  linkType: hard

"unist-util-stringify-position@npm:^3.0.0":
  version: 3.0.3
  resolution: "unist-util-stringify-position@npm:3.0.3"
  dependencies:
    "@types/unist": "npm:^2.0.0"
  checksum: 10c0/14550027825230528f6437dad7f2579a841780318569851291be6c8a970bae6f65a7feb24dabbcfce0e5e68cacae85bf12cbda3f360f7c873b4db602bdf7bb21
  languageName: node
  linkType: hard

"unist-util-stringify-position@npm:^4.0.0":
  version: 4.0.0
  resolution: "unist-util-stringify-position@npm:4.0.0"
  dependencies:
    "@types/unist": "npm:^3.0.0"
  checksum: 10c0/dfe1dbe79ba31f589108cb35e523f14029b6675d741a79dea7e5f3d098785045d556d5650ec6a8338af11e9e78d2a30df12b1ee86529cded1098da3f17ee999e
  languageName: node
  linkType: hard

"unist-util-visit-parents@npm:^5.1.1":
  version: 5.1.3
  resolution: "unist-util-visit-parents@npm:5.1.3"
  dependencies:
    "@types/unist": "npm:^2.0.0"
    unist-util-is: "npm:^5.0.0"
  checksum: 10c0/f6829bfd8f2eddf63a32e2c302cd50978ef0c194b792c6fe60c2b71dfd7232415a3c5941903972543e9d34e6a8ea69dee9ccd95811f4a795495ed2ae855d28d0
  languageName: node
  linkType: hard

"unist-util-visit@npm:^4.0.0":
  version: 4.1.2
  resolution: "unist-util-visit@npm:4.1.2"
  dependencies:
    "@types/unist": "npm:^2.0.0"
    unist-util-is: "npm:^5.0.0"
    unist-util-visit-parents: "npm:^5.1.1"
  checksum: 10c0/56a1f49a4d8e321e75b3c7821d540a45165a031dd06324bb0e8c75e7737bc8d73bdddbf0b0ca82000f9708a4c36861c6ebe88d01f7cf00e925f5d75f13a3a017
  languageName: node
  linkType: hard

"vfile-message@npm:^3.0.0":
  version: 3.1.4
  resolution: "vfile-message@npm:3.1.4"
  dependencies:
    "@types/unist": "npm:^2.0.0"
    unist-util-stringify-position: "npm:^3.0.0"
  checksum: 10c0/c4ccf9c0ced92d657846fd067fefcf91c5832cdbe2ecc431bb67886e8c959bf7fc05a9dbbca5551bc34c9c87a0a73854b4249f65c64ddfebc4d59ea24a18b996
  languageName: node
  linkType: hard

"vfile-message@npm:^4.0.0":
  version: 4.0.3
  resolution: "vfile-message@npm:4.0.3"
  dependencies:
    "@types/unist": "npm:^3.0.0"
    unist-util-stringify-position: "npm:^4.0.0"
  checksum: 10c0/33d9f219610d27987689bb14fa5573d2daa146941d1a05416dd7702c4215b23f44ed81d059e70d0e4e24f9a57d5f4dc9f18d35a993f04cf9446a7abe6d72d0c0
  languageName: node
  linkType: hard

"vfile@npm:^5.0.0":
  version: 5.3.7
  resolution: "vfile@npm:5.3.7"
  dependencies:
    "@types/unist": "npm:^2.0.0"
    is-buffer: "npm:^2.0.0"
    unist-util-stringify-position: "npm:^3.0.0"
    vfile-message: "npm:^3.0.0"
  checksum: 10c0/c36bd4c3f16ec0c6cbad0711ca99200316bbf849d6b07aa4cb5d9062cc18ae89249fe62af9521926e9659c0e6bc5c2c1da0fe26b41fb71e757438297e1a41da4
  languageName: node
  linkType: hard

"vfile@npm:^6.0.0":
  version: 6.0.3
  resolution: "vfile@npm:6.0.3"
  dependencies:
    "@types/unist": "npm:^3.0.0"
    vfile-message: "npm:^4.0.0"
  checksum: 10c0/e5d9eb4810623f23758cfc2205323e33552fb5972e5c2e6587babe08fe4d24859866277404fb9e2a20afb71013860d96ec806cb257536ae463c87d70022ab9ef
  languageName: node
  linkType: hard
