# This file is generated by running "yarn install" inside your project.
# Manual changes might be lost - proceed with caution!

__metadata:
  version: 8
  cacheKey: 10c0

"@biomejs/biome@npm:2.4.10":
  version: 2.4.10
  resolution: "@biomejs/biome@npm:2.4.10"
  dependencies:
    "@biomejs/cli-darwin-arm64": "npm:2.4.10"
    "@biomejs/cli-darwin-x64": "npm:2.4.10"
    "@biomejs/cli-linux-arm64": "npm:2.4.10"
    "@biomejs/cli-linux-arm64-musl": "npm:2.4.10"
    "@biomejs/cli-linux-x64": "npm:2.4.10"
    "@biomejs/cli-linux-x64-musl": "npm:2.4.10"
    "@biomejs/cli-win32-arm64": "npm:2.4.10"
    "@biomejs/cli-win32-x64": "npm:2.4.10"
  dependenciesMeta:
    "@biomejs/cli-darwin-arm64":
      optional: true
    "@biomejs/cli-darwin-x64":
      optional: true
    "@biomejs/cli-linux-arm64":
      optional: true
    "@biomejs/cli-linux-arm64-musl":
      optional: true
    "@biomejs/cli-linux-x64":
      optional: true
    "@biomejs/cli-linux-x64-musl":
      optional: true
    "@biomejs/cli-win32-arm64":
      optional: true
    "@biomejs/cli-win32-x64":
      optional: true
  bin:
    biome: bin/biome
  checksum: 10c0/80d10d5e6fa41a24efb9020ee73b79b0aca46942b55ea96e880c3bb45ea14c71e49fb1be9f134bee23b2d940bb8cad51a70351ca051e09a43613018dba693bd6
  languageName: node
  linkType: hard

"@biomejs/cli-darwin-arm64@npm:2.4.10":
  version: 2.4.10
  resolution: "@biomejs/cli-darwin-arm64@npm:2.4.10"
  conditions: os=darwin & cpu=arm64
  languageName: node
  linkType: hard

"@biomejs/cli-darwin-x64@npm:2.4.10":
  version: 2.4.10
  resolution: "@biomejs/cli-darwin-x64@npm:2.4.10"
  conditions: os=darwin & cpu=x64
  languageName: node
  linkType: hard

"@biomejs/cli-linux-arm64-musl@npm:2.4.10":
  version: 2.4.10
  resolution: "@biomejs/cli-linux-arm64-musl@npm:2.4.10"
  conditions: os=linux & cpu=arm64 & libc=musl
  languageName: node
  linkType: hard

"@biomejs/cli-linux-arm64@npm:2.4.10":
  version: 2.4.10
  resolution: "@biomejs/cli-linux-arm64@npm:2.4.10"
  conditions: os=linux & cpu=arm64 & libc=glibc
  languageName: node
  linkType: hard

"@biomejs/cli-linux-x64-musl@npm:2.4.10":
  version: 2.4.10
  resolution: "@biomejs/cli-linux-x64-musl@npm:2.4.10"
  conditions: os=linux & cpu=x64 & libc=musl
  languageName: node
  linkType: hard

"@biomejs/cli-linux-x64@npm:2.4.10":
  version: 2.4.10
  resolution: "@biomejs/cli-linux-x64@npm:2.4.10"
  conditions: os=linux & cpu=x64 & libc=glibc
  languageName: node
  linkType: hard

"@biomejs/cli-win32-arm64@npm:2.4.10":
  version: 2.4.10
  resolution: "@biomejs/cli-win32-arm64@npm:2.4.10"
  conditions: os=win32 & cpu=arm64
  languageName: node
  linkType: hard

"@biomejs/cli-win32-x64@npm:2.4.10":
  version: 2.4.10
  resolution: "@biomejs/cli-win32-x64@npm:2.4.10"
  conditions: os=win32 & cpu=x64
  languageName: node
  linkType: hard

"@types/extend@npm:^3.0.0":
  version: 3.0.4
  resolution: "@types/extend@npm:3.0.4"
  checksum: 10c0/f3f073720df5380d86756a2c36612f0f1163a2591760e5f184e9652f560ed5841f16837bb3e382e00597d5e9b5740ae531cd61e82ac5cb76a3feb415a0d64d0d
  languageName: node
  linkType: hard

"@types/hast@npm:^2.0.0":
  version: 2.3.10
  resolution: "@types/hast@npm:2.3.10"
  dependencies:
    "@types/unist": "npm:^2"
  checksum: 10c0/16daac35d032e656defe1f103f9c09c341a6dc553c7ec17b388274076fa26e904a71ea5ea41fd368a6d5f1e9e53be275c80af7942b9c466d8511d261c9529c7e
  languageName: node
  linkType: hard

"@types/mdast@npm:^3.0.0":
  version: 3.0.15
  resolution: "@types/mdast@npm:3.0.15"
  dependencies:
    "@types/unist": "npm:^2"
  checksum: 10c0/fcbf716c03d1ed5465deca60862e9691414f9c43597c288c7d2aefbe274552e1bbd7aeee91b88a02597e88a28c139c57863d0126fcf8416a95fdc681d054ee3d
  languageName: node
  linkType: hard

"@types/nlcst@npm:^1.0.0":
  version: 1.0.4
  resolution: "@types/nlcst@npm:1.0.4"
  dependencies:
    "@types/unist": "npm:^2"
  checksum: 10c0/27c60d3330a0f2f94b12f16b55947bf1e87ffdf63c80daa0b9e1eb28811df2051e43a1f6813a54b838b86e7dddced53ae53910354bb6645f130a3968518d5b38
  languageName: node
  linkType: hard

"@types/unist@npm:^2, @types/unist@npm:^2.0.0":
  version: 2.0.11
  resolution: "@types/unist@npm:2.0.11"
  checksum: 10c0/24dcdf25a168f453bb70298145eb043cfdbb82472db0bc0b56d6d51cd2e484b9ed8271d4ac93000a80da568f2402e9339723db262d0869e2bf13bc58e081768d
  languageName: node
  linkType: hard

"@types/unist@npm:^3.0.0":
  version: 3.0.3
  resolution: "@types/unist@npm:3.0.3"
  checksum: 10c0/2b1e4adcab78388e088fcc3c0ae8700f76619dbcb4741d7d201f87e2cb346bfc29a89003cfea2d76c996e1061452e14fcd737e8b25aacf949c1f2d6b2bc3dd60
  languageName: node
  linkType: hard

"array-iterate@npm:^2.0.0":
  version: 2.0.1
  resolution: "array-iterate@npm:2.0.1"
  checksum: 10c0/756c08334f95e290f03ab2141b034514af1311ef7b62f15b0f5ea6f8f3033ee9cc6a8f1c3e9ff4803d4d723cf992aa61460acf5fce884936972db966b1da287d
  languageName: node
  linkType: hard

"bail@npm:^2.0.0":
  version: 2.0.2
  resolution: "bail@npm:2.0.2"
  checksum: 10c0/25cbea309ef6a1f56214187004e8f34014eb015713ea01fa5b9b7e9e776ca88d0fdffd64143ac42dc91966c915a4b7b683411b56e14929fad16153fc026ffb8b
  languageName: node
  linkType: hard

"ccount@npm:^2.0.0":
  version: 2.0.1
  resolution: "ccount@npm:2.0.1"
  checksum: 10c0/3939b1664390174484322bc3f45b798462e6c07ee6384cb3d645e0aa2f318502d174845198c1561930e1d431087f74cf1fe291ae9a4722821a9f4ba67e574350
  languageName: node
  linkType: hard

"character-entities@npm:^2.0.0":
  version: 2.0.2
  resolution: "character-entities@npm:2.0.2"
  checksum: 10c0/b0c645a45bcc90ff24f0e0140f4875a8436b8ef13b6bcd31ec02cfb2ca502b680362aa95386f7815bdc04b6464d48cf191210b3840d7c04241a149ede591a308
  languageName: node
  linkType: hard

"comma-separated-tokens@npm:^2.0.0":
  version: 2.0.3
  resolution: "comma-separated-tokens@npm:2.0.3"
  checksum: 10c0/91f90f1aae320f1755d6957ef0b864fe4f54737f3313bd95e0802686ee2ca38bff1dd381964d00ae5db42912dd1f4ae5c2709644e82706ffc6f6842a813cdd67
  languageName: node
  linkType: hard

"decode-named-character-reference@npm:^1.0.0":
  version: 1.3.0
  resolution: "decode-named-character-reference@npm:1.3.0"
  dependencies:
    character-entities: "npm:^2.0.0"
  checksum: 10c0/787f4c87f3b82ea342aa7c2d7b1882b6fb9511bb77f72ae44dcaabea0470bacd1e9c6a0080ab886545019fa0cb3a7109573fad6b61a362844c3a0ac52b36e4bb
  languageName: node
  linkType: hard

"dequal@npm:^2.0.0":
  version: 2.0.3
  resolution: "dequal@npm:2.0.3"
  checksum: 10c0/f98860cdf58b64991ae10205137c0e97d384c3a4edc7f807603887b7c4b850af1224a33d88012009f150861cbee4fa2d322c4cc04b9313bee312e47f6ecaa888
  languageName: node
  linkType: hard

"devlop@npm:^1.0.0, devlop@npm:^1.1.0":
  version: 1.1.0
  resolution: "devlop@npm:1.1.0"
  dependencies:
    dequal: "npm:^2.0.0"
  checksum: 10c0/e0928ab8f94c59417a2b8389c45c55ce0a02d9ac7fd74ef62d01ba48060129e1d594501b77de01f3eeafc7cb00773819b0df74d96251cf20b31c5b3071f45c0e
  languageName: node
  linkType: hard

"dictionary-en@npm:^4.0.0":
  version: 4.0.0
  resolution: "dictionary-en@npm:4.0.0"
  checksum: 10c0/2d64f1c2592678c0b650220cd43ccaaadfeb6919dbb9bf855ccdeec424276d844955fb72fb5b3d8d71f2fac6169b3aec5d2854f52c262656126cbae78049f611
  languageName: node
  linkType: hard

"extend@npm:^3.0.0":
  version: 3.0.2
  resolution: "extend@npm:3.0.2"
  checksum: 10c0/73bf6e27406e80aa3e85b0d1c4fd987261e628064e170ca781125c0b635a3dabad5e05adbf07595ea0cf1e6c5396cacb214af933da7cbaf24fe75ff14818e8f9
  languageName: node
  linkType: hard

"hast-util-embedded@npm:^2.0.0":
  version: 2.0.1
  resolution: "hast-util-embedded@npm:2.0.1"
  dependencies:
    "@types/hast": "npm:^3.0.0"
    hast-util-is-element: "npm:^3.0.0"
  checksum: 10c0/054c3d3b96fcd5c1d1c6f8d38ce1f7f33022ba6362129a022673d0b539f876acdcababbb9df29812fb927294f98ef7a2f44519a80d637fe3eea1819c9e69eeac
  languageName: node
  linkType: hard

"hast-util-from-parse5@npm:^7.0.0":
  version: 7.1.2
  resolution: "hast-util-from-parse5@npm:7.1.2"
  dependencies:
    "@types/hast": "npm:^3.0.0"
    devlop: "npm:^1.1.0"
    hast-util-from-parse5: "npm:^8.0.0"
    parse5: "npm:^7.0.0"
    vfile: "npm:^6.0.0"
    vfile-message: "npm:^4.0.0"
  checksum: 10c0/993ef707c1a12474c8d4094fc9706a72826c660a7e308ea54c50ad893353d32e139b7cbc67510c2e82feac572b320e3b05aeb13d0f9c6302d61261f337b46764
  languageName: node
  linkType: hard

"hast-util-from-parse5@npm:^8.0.0":
  version: 8.0.3
  resolution: "hast-util-from-parse5@npm:8.0.3"
  dependencies:
    "@types/hast": "npm:^3.0.0"
    "@types/unist": "npm:^3.0.0"
    devlop: "npm:^1.0.0"
    hastscript: "npm:^9.0.0"
    property-information: "npm:^7.0.0"
    vfile: "npm:^6.0.0"
    vfile-location: "npm:^5.0.0"
    web-namespaces: "npm:^2.0.0"
  checksum: 10c0/c1002816d0235ff0a1e888d71c191d3ecfbaba510aaef86eec00edcba8803a3e0ad901bb0e5430a9d2aee2d52c31aabacae8282394dc519c333017a46c68d1c8
  languageName: node
  linkType: hard

"hast-util-has-property@npm:^3.0.0":
  version: 3.0.0
  resolution: "hast-util-has-property@npm:3.0.0"
  dependencies:
    "@types/hast": "npm:^3.0.0"
  checksum: 10c0/6e2c0e22ca893c6ebb60f8390e184c4deb041c36d09796756f02cd121c1789c0f5c862ed06caea8f1a80ea8c0ef6a7854dd57946c2eebb76488727bd4a1c952e
  languageName: node
  linkType: hard

"hast-util-is-body-ok-link@npm:^3.0.0":
  version: 3.0.1
  resolution: "hast-util-is-body-ok-link@npm:3.0.1"
  dependencies:
    "@types/hast": "npm:^3.0.0"
  checksum: 10c0/c320cbd9a9a834b007a6f2f8c271e98b8331c0193adf06e0a7c5ea0acae664e97ce28eb4436e0658bc5cdb8f47390ec1c6cba7c4fe1ded10951fcdd1432f60bf
  languageName: node
  linkType: hard

"hast-util-is-element@npm:^3.0.0":
  version: 3.0.0
  resolution: "hast-util-is-element@npm:3.0.0"
  dependencies:
    "@types/hast": "npm:^3.0.0"
  checksum: 10c0/f5361e4c9859c587ca8eb0d8343492f3077ccaa0f58a44cd09f35d5038f94d65152288dcd0c19336ef2c9491ec4d4e45fde2176b05293437021570aa0bc3613b
  languageName: node
  linkType: hard

"hast-util-minify-whitespace@npm:^1.0.0":
  version: 1.0.1
  resolution: "hast-util-minify-whitespace@npm:1.0.1"
  dependencies:
    "@types/hast": "npm:^3.0.0"
    hast-util-embedded: "npm:^3.0.0"
    hast-util-is-element: "npm:^3.0.0"
    hast-util-whitespace: "npm:^3.0.0"
    unist-util-is: "npm:^6.0.0"
  checksum: 10c0/20a7d64947e080463084f444ad09c7f28c40e7648ca2d9c6c036e42a67f8e945d352560ff599304c988257c1e477abcf6a1f508c0900211fa58ec1ba21b36533
  languageName: node
  linkType: hard

"hast-util-parse-selector@npm:^4.0.0":
  version: 4.0.0
  resolution: "hast-util-parse-selector@npm:4.0.0"
  dependencies:
    "@types/hast": "npm:^3.0.0"
  checksum: 10c0/5e98168cb44470dc274aabf1a28317e4feb09b1eaf7a48bbaa8c1de1b43a89cd195cb1284e535698e658e3ec26ad91bc5e52c9563c36feb75abbc68aaf68fb9f
  languageName: node
  linkType: hard

"hast-util-phrasing@npm:^3.0.0":
  version: 3.0.1
  resolution: "hast-util-phrasing@npm:3.0.1"
  dependencies:
    "@types/hast": "npm:^3.0.0"
    hast-util-embedded: "npm:^3.0.0"
    hast-util-has-property: "npm:^3.0.0"
    hast-util-is-body-ok-link: "npm:^3.0.0"
    hast-util-is-element: "npm:^3.0.0"
  checksum: 10c0/d77e186ea3d7d62f6db9c4a55c3e6d9f1f6affd5f40250e8de9d73f167ae19fcc02fafe1601dfbe36e90f76ed5013ac004f0b6b398aee3a04a7a81de12788600
  languageName: node
  linkType: hard

"hast-util-to-html@npm:^9.0.0":
  version: 9.0.5
  resolution: "hast-util-to-html@npm:9.0.5"
  dependencies:
    "@types/hast": "npm:^3.0.0"
    "@types/unist": "npm:^3.0.0"
    ccount: "npm:^2.0.0"
    comma-separated-tokens: "npm:^2.0.0"
    hast-util-whitespace: "npm:^3.0.0"
    html-void-elements: "npm:^3.0.0"
    mdast-util-to-hast: "npm:^13.0.0"
    property-information: "npm:^7.0.0"
    space-separated-tokens: "npm:^2.0.0"
    stringify-entities: "npm:^4.0.0"
    zwitch: "npm:^2.0.4"
  checksum: 10c0/b7a08c30bab4371fc9b4a620965c40b270e5ae7a8e94cf885f43b21705179e28c8e43b39c72885d1647965fb3738654e6962eb8b58b0c2a84271655b4d748836
  languageName: node
  linkType: hard

"hast-util-to-mdast@npm:^10.0.0":
  version: 10.1.2
  resolution: "hast-util-to-mdast@npm:10.1.2"
  dependencies:
    "@types/hast": "npm:^3.0.0"
    "@types/mdast": "npm:^4.0.0"
    "@ungap/structured-clone": "npm:^1.0.0"
    hast-util-phrasing: "npm:^3.0.0"
    hast-util-to-html: "npm:^9.0.0"
    hast-util-to-text: "npm:^4.0.0"
    hast-util-whitespace: "npm:^3.0.0"
    mdast-util-phrasing: "npm:^4.0.0"
    mdast-util-to-hast: "npm:^13.0.0"
    mdast-util-to-string: "npm:^4.0.0"
    rehype-minify-whitespace: "npm:^6.0.0"
    trim-trailing-lines: "npm:^2.0.0"
    unist-util-position: "npm:^5.0.0"
    unist-util-visit: "npm:^5.0.0"
  checksum: 10c0/2edd4521b147734078d66e03cd43c571a0a3aeefd3fcc34659c783b25e9222ddb5c8c759b12a86ebc70a25b3888505dc59b913ff36ae17cca04d52050592a963
  languageName: node
  linkType: hard

"hast-util-to-text@npm:^4.0.0":
  version: 4.0.2
  resolution: "hast-util-to-text@npm:4.0.2"
  dependencies:
    "@types/hast": "npm:^3.0.0"
    "@types/unist": "npm:^3.0.0"
    hast-util-is-element: "npm:^3.0.0"
    unist-util-find-after: "npm:^5.0.0"
  checksum: 10c0/93ecc10e68fe5391c6e634140eb330942e71dea2724c8e0c647c73ed74a8ec930a4b77043b5081284808c96f73f2bee64ee416038ece75a63a467e8d14f09946
  languageName: node
  linkType: hard

"hast-util-whitespace@npm:^3.0.0":
  version: 3.0.0
  resolution: "hast-util-whitespace@npm:3.0.0"
  dependencies:
    "@types/hast": "npm:^3.0.0"
  checksum: 10c0/b898bc9fe27884b272580d15260b6bbdabe239973a147e97fa98c45fa0ffec967a481aaa42291ec34fb56530dc2d484d473d7e2bae79f39c83f3762307edfea8
  languageName: node
  linkType: hard

"hastscript@npm:^9.0.0":
  version: 9.0.1
  resolution: "hastscript@npm:9.0.1"
  dependencies:
    "@types/hast": "npm:^3.0.0"
    comma-separated-tokens: "npm:^2.0.0"
    hast-util-parse-selector: "npm:^4.0.0"
    property-information: "npm:^7.0.0"
    space-separated-tokens: "npm:^2.0.0"
  checksum: 10c0/18dc8064e5c3a7a2ae862978e626b97a254e1c8a67ee9d0c9f06d373bba155ed805fc5b5ce21b990fb7bc174624889e5e1ce1cade264f1b1d58b48f994bc85ce
  languageName: node
  linkType: hard

"is-buffer@npm:^2.0.0":
  version: 2.0.5
  resolution: "is-buffer@npm:2.0.5"
  checksum: 10c0/e603f6fced83cf94c53399cff3bda1a9f08e391b872b64a73793b0928be3e5f047f2bcece230edb7632eaea2acdbfcb56c23b33d8a20c820023b230f1485679a
  languageName: node
  linkType: hard

"is-plain-obj@npm:^4.0.0":
  version: 4.1.0
  resolution: "is-plain-obj@npm:4.1.0"
  checksum: 10c0/32130d651d71d9564dc88ba7e6fda0e91a1010a3694648e9f4f47bb6080438140696d3e3e15c741411d712e47ac9edc1a8a9de1fe76f3487b0d90be06ac9975e
  languageName: node
  linkType: hard

"longest-streak@npm:^3.0.0":
  version: 3.1.0
  resolution: "longest-streak@npm:3.1.0"
  checksum: 10c0/7c2f02d0454b52834d1bcedef79c557bd295ee71fdabb02d041ff3aa9da48a90b5df7c0409156dedbc4df9b65da18742652aaea4759d6ece01f08971af6a7eaa
  languageName: node
  linkType: hard

"mdast-util-phrasing@npm:^3.0.0":
  version: 3.0.1
  resolution: "mdast-util-phrasing@npm:3.0.1"
  dependencies:
    "@types/mdast": "npm:^3.0.0"
    unist-util-is: "npm:^5.0.0"
  checksum: 10c0/5e00e303652a7581593549dbce20dfb69d687d79a972f7928f6ca1920ef5385bceb737a3d5292ab6d937ed8c67bb59771e80e88f530b78734fe7d155f833e32b
  languageName: node
  linkType: hard

"mdast-util-to-hast@npm:^13.0.0":
  version: 13.2.1
  resolution: "mdast-util-to-hast@npm:13.2.1"
  dependencies:
    "@types/hast": "npm:^3.0.0"
    "@types/mdast": "npm:^4.0.0"
    "@ungap/structured-clone": "npm:^1.0.0"
    devlop: "npm:^1.0.0"
    micromark-util-sanitize-uri: "npm:^2.0.0"
    trim-lines: "npm:^3.0.0"
    unist-util-position: "npm:^5.0.0"
    unist-util-visit: "npm:^5.0.0"
    vfile: "npm:^6.0.0"
  checksum: 10c0/3eeaf28a5e84e1e08e6d54a1a8a06c0fca88cb5d36f4cf8086f0177248d1ce6e4e751f4ad0da19a3dea1c6ea61bd80784acc3ae021e44ceeb21aa5413a375e43
  languageName: node
  linkType: hard

"mdast-util-to-markdown@npm:^2.0.0":
  version: 2.1.2
  resolution: "mdast-util-to-markdown@npm:2.1.2"
  dependencies:
    "@types/mdast": "npm:^4.0.0"
    "@types/unist": "npm:^3.0.0"
    longest-streak: "npm:^3.0.0"
    mdast-util-phrasing: "npm:^4.0.0"
    mdast-util-to-string: "npm:^4.0.0"
    micromark-util-classify-character: "npm:^2.0.0"
    micromark-util-decode-string: "npm:^2.0.0"
    unist-util-visit: "npm:^5.0.0"
    zwitch: "npm:^2.0.0"
  checksum: 10c0/4649722a6099f12e797bd8d6469b2b43b44e526b5182862d9c7766a3431caad2c0112929c538a972f214e63c015395e5d3f54bd81d9ac1b16e6d8baaf582f749
  languageName: node
  linkType: hard

"mdast-util-to-string@npm:^3.0.0":
  version: 3.2.0
  resolution: "mdast-util-to-string@npm:3.2.0"
  dependencies:
    "@types/mdast": "npm:^3.0.0"
  checksum: 10c0/112f4bf0f6758dcb95deffdcf37afba7eaecdfe2ee13252de031723094d4d55220e147326690a8b91244758e2d678e7aeb1fdd0fa6ef3317c979bc42effd9a21
  languageName: node
  linkType: hard

"micromark-util-character@npm:^1.0.0":
  version: 1.2.0
  resolution: "micromark-util-character@npm:1.2.0"
  dependencies:
    micromark-util-symbol: "npm:^1.0.0"
    micromark-util-types: "npm:^1.0.0"
  checksum: 10c0/3390a675a50731b58a8e5493cd802e190427f10fa782079b455b00f6b54e406e36882df7d4a3bd32b709f7a2c3735b4912597ebc1c0a99566a8d8d0b816e2cd4
  languageName: node
  linkType: hard

"micromark-util-decode-numeric-character-reference@npm:^1.0.0":
  version: 1.1.0
  resolution: "micromark-util-decode-numeric-character-reference@npm:1.1.0"
  dependencies:
    micromark-util-symbol: "npm:^1.0.0"
  checksum: 10c0/64ef2575e3fc2426976c19e16973348f20b59ddd5543f1467ac2e251f29e0a91f12089703d29ae985b0b9a408ee0d72f06d04ed3920811aa2402aabca3bdf9e4
  languageName: node
  linkType: hard

"micromark-util-decode-string@npm:^1.0.0":
  version: 1.1.0
  resolution: "micromark-util-decode-string@npm:1.1.0"
  dependencies:
    micromark-util-symbol: "npm:^2.0.0"
  checksum: 10c0/9c8a9f2c790e5593ffe513901c3a110e9ec8882a08f466da014112a25e5059b51551ca0aeb7ff494657d86eceb2f02ee556c6558b8d66aadc61eae4a240da0df
  languageName: node
  linkType: hard

"micromark-util-decode-string@npm:^2.0.0":
  version: 2.0.1
  resolution: "micromark-util-decode-string@npm:2.0.1"
  dependencies:
    decode-named-character-reference: "npm:^1.0.0"
    micromark-util-character: "npm:^1.0.0"
    micromark-util-decode-numeric-character-reference: "npm:^1.0.0"
    micromark-util-symbol: "npm:^1.0.0"
  checksum: 10c0/757a0aaa5ad6c50c7480bd75371d407ac75f5022cd4404aba07adadf1448189502aea9bb7b2d09d25e18745e0abf72b95506b6beb184bcccabe919e48e3a5df7
  languageName: node
  linkType: hard

"micromark-util-symbol@npm:^1.0.0":
  version: 1.1.0
  resolution: "micromark-util-symbol@npm:1.1.0"
  checksum: 10c0/10ceaed33a90e6bfd3a5d57053dbb53f437d4809cc11430b5a09479c0ba601577059be9286df4a7eae6e350a60a2575dc9fa9d9872b5b8d058c875e075c33803
  languageName: node
  linkType: hard

"micromark-util-types@npm:^1.0.0":
  version: 1.1.0
  resolution: "micromark-util-types@npm:1.1.0"
  checksum: 10c0/a9749cb0a12a252ff536baabcb7012421b6fad4d91a5fdd80d7b33dc7b4c22e2d0c4637dfe5b902d00247fe6c9b01f4a24fce6b572b16ccaa4da90e6ce2a11e4
  languageName: node
  linkType: hard

"nlcst-is-literal@npm:^2.0.0":
  version: 2.1.1
  resolution: "nlcst-is-literal@npm:2.1.1"
  dependencies:
    "@types/nlcst": "npm:^1.0.0"
    "@types/unist": "npm:^2.0.0"
    nlcst-to-string: "npm:^3.0.0"
  checksum: 10c0/5926df3538079e9ac2da1f44fc46b1059d3426258570552d9f146382570b9e39f01f3b37d4967d6c468c423e5e2133c5ed1ebb730b0e50932b3e6e78e6e6dd1e
  languageName: node
  linkType: hard

"nlcst-to-string@npm:^3.0.0":
  version: 3.1.1
  resolution: "nlcst-to-string@npm:3.1.1"
  dependencies:
    "@types/nlcst": "npm:^1.0.0"
  checksum: 10c0/949f4dd3843ddc3e0ea34581ce72157ba2ad7f08c3a845249423c99c6884282f9d89cf2d0abed732e41a6aaf7210d676f31dc02e9f51f173f0fe2f3edc9936ce
  languageName: node
  linkType: hard

"nspell@npm:^2.0.0":
  version: 2.1.5
  resolution: "nspell@npm:2.1.5"
  dependencies:
    is-buffer: "npm:^2.0.0"
  checksum: 10c0/b91f52bbd5bcf9a5ac024942cb9a61481d522ed67044ecbd45f7de70861677137c4eb66e4a9097c73faae717bf25c0ee5fac00f803fdb59203d923f55612b21a
  languageName: node
  linkType: hard

"parse5@npm:^6.0.0":
  version: 6.0.1
  resolution: "parse5@npm:6.0.1"
  checksum: 10c0/595821edc094ecbcfb9ddcb46a3e1fe3a718540f8320eff08b8cf6742a5114cce2d46d45f95c26191c11b184dcaf4e2960abcd9c5ed9eb9393ac9a37efcfdecb
  languageName: node
  linkType: hard

"property-information@npm:^6.0.0":
  version: 6.5.0
  resolution: "property-information@npm:6.5.0"
  checksum: 10c0/981e0f9cc2e5acdb414a6fd48a99dd0fd3a4079e7a91ab41cf97a8534cf43e0e0bc1ffada6602a1b3d047a33db8b5fc2ef46d863507eda712d5ceedac443f0ef
  languageName: node
  linkType: hard

"quotation@npm:^2.0.0":
  version: 2.0.3
  resolution: "quotation@npm:2.0.3"
  checksum: 10c0/802dd664ab24b4a6a4fa361d25c585267e32870ce7be461bc24bae73b2338ab1990132d36f7167925b3d60013851e6f9cf5b3f3d6e2d0638e07f383f44fbd631
  languageName: node
  linkType: hard

"rehype-minify-whitespace@npm:^5.0.0":
  version: 5.0.1
  resolution: "rehype-minify-whitespace@npm:5.0.1"
  dependencies:
    "@types/hast": "npm:^3.0.0"
    hast-util-minify-whitespace: "npm:^1.0.0"
  checksum: 10c0/e808a452068392070dcba4ea0fdc24c783e21ddc9c70008f90827ddd29afa6fb82f77473bba91e06b48cef8575553f906fa8ab44ae59700f945eb0910927acd9
  languageName: node
  linkType: hard

"rehype-parse@npm:^8.0.2":
  version: 8.0.5
  resolution: "rehype-parse@npm:8.0.5"
  dependencies:
    "@types/hast": "npm:^2.0.0"
    hast-util-from-parse5: "npm:^7.0.0"
    parse5: "npm:^6.0.0"
    unified: "npm:^10.0.0"
  checksum: 10c0/6ab741830d74d381ae46849a61edb9539b16667ed03c4cf74d4aa6003947e14d35398f745649dd2b83cc1c6de8db1f9dbd46cbb76048c22bbb3d1200967ac1e3
  languageName: node
  linkType: hard

"rehype-remark@npm:^10.0.1":
  version: 10.0.1
  resolution: "rehype-remark@npm:10.0.1"
  dependencies:
    "@types/hast": "npm:^3.0.0"
    "@types/mdast": "npm:^4.0.0"
    hast-util-to-mdast: "npm:^10.0.0"
    unified: "npm:^11.0.0"
    vfile: "npm:^6.0.0"
  checksum: 10c0/e013fad22dd7b3bf653a79cf3dc4fecd434c5eb5f89f41e1932ae12f592b3a83c980f759d4a6ae764a61a6ea7f08330f9908c235c11510d3be731e80290aa0ba
  languageName: node
  linkType: hard

"remark-stringify@npm:^10.0.0":
  version: 10.0.3
  resolution: "remark-stringify@npm:10.0.3"
  dependencies:
    "@types/mdast": "npm:^3.0.0"
    mdast-util-to-markdown: "npm:^1.0.0"
    unified: "npm:^10.0.0"
  checksum: 10c0/682f26c66ce72e97a00bff75774b68f8008184dc1e4407039e186de896b5cd5d336aa65842bf131f4826a7415acdcd01d14ba59ff41b421a250c23fb187cda85
  languageName: node
  linkType: hard

"retext-repeated-words@npm:^4.2.0":
  version: 4.2.0
  resolution: "retext-repeated-words@npm:4.2.0"
  dependencies:
    "@types/nlcst": "npm:^1.0.0"
    nlcst-to-string: "npm:^3.0.0"
    unified: "npm:^10.0.0"
    unist-util-position: "npm:^4.0.0"
    unist-util-visit: "npm:^4.0.0"
  checksum: 10c0/5a153f7469ccca4d563e2273e4be021981cf0d819fdac3b8dda32b73eea364adf4f563161bfa503355f6d1a9e4b60be1680d2591bf0dc7e44ab10b98906bb437
  languageName: node
  linkType: hard

"retext-sentence-spacing@npm:^5.2.0":
  version: 5.2.0
  resolution: "retext-sentence-spacing@npm:5.2.0"
  dependencies:
    "@types/nlcst": "npm:^1.0.0"
    "@types/unist": "npm:^2.0.0"
    nlcst-to-string: "npm:^3.0.0"
    unified: "npm:^10.0.0"
    unist-util-is: "npm:^5.0.0"
    unist-util-visit: "npm:^4.0.0"
  checksum: 10c0/b149c380cd4520fc158981f68361e53fd61a0b0b60c42c49a79f5824111a4c5326b18d8591e6eb9518470a774afa80c7bf5dbdc6930a93c1fbe7530e16dbb866
  languageName: node
  linkType: hard

"retext-spell@npm:^5.3.0":
  version: 5.3.0
  resolution: "retext-spell@npm:5.3.0"
  dependencies:
    "@types/nlcst": "npm:^1.0.0"
    nlcst-is-literal: "npm:^2.0.0"
    nlcst-to-string: "npm:^3.0.0"
    nspell: "npm:^2.0.0"
    quotation: "npm:^2.0.0"
    unified: "npm:^10.0.0"
    unist-util-visit: "npm:^4.0.0"
  checksum: 10c0/063bee50b63d2327c41ce3b57ea71e59c5cf7295ad8523c53d6ed5dba46b93f8bb9c2246edad3e6bae6a869495b870dcc191e5c6b8bdd49e67b0e8410f8b8da8
  languageName: node
  linkType: hard

"retext-syntax-urls@npm:^3.1.2":
  version: 3.1.2
  resolution: "retext-syntax-urls@npm:3.1.2"
  dependencies:
    "@types/nlcst": "npm:^1.0.0"
    "@types/unist": "npm:^2.0.0"
    ccount: "npm:^2.0.0"
    nlcst-to-string: "npm:^3.0.0"
    unified: "npm:^10.0.0"
    unist-util-modify-children: "npm:^3.0.0"
    unist-util-position: "npm:^4.0.0"
  checksum: 10c0/1f0eaac612d626cdd83254d1f0d116ebcabe7af083747b69544ab83662f8d15c17181cfd158dde7645efd3b0639a5ea5b570bda5074cbe806a8e61ee341f4473
  languageName: node
  linkType: hard

"root-workspace-0b6124@workspace:.":
  version: 0.0.0-use.local
  resolution: "root-workspace-0b6124@workspace:."
  dependencies:
    "@biomejs/biome": "npm:2.4.10"
    dictionary-en: "npm:^4.0.0"
    rehype-parse: "npm:^9.0.1"
    rehype-remark: "npm:^10.0.1"
    remark-stringify: "npm:^11.0.0"
    retext-repeated-words: "npm:^4.2.0"
    retext-sentence-spacing: "npm:^5.2.0"
    retext-spell: "npm:^5.3.0"
    retext-syntax-urls: "npm:^3.1.2"
    unified: "npm:^11.0.5"
  languageName: unknown
  linkType: soft

"space-separated-tokens@npm:^2.0.0":
  version: 2.0.2
  resolution: "space-separated-tokens@npm:2.0.2"
  checksum: 10c0/6173e1d903dca41dcab6a2deed8b4caf61bd13b6d7af8374713500570aa929ff9414ae09a0519f4f8772df993300305a395d4871f35bc4ca72b6db57e1f30af8
  languageName: node
  linkType: hard

"trim-trailing-lines@npm:^2.0.0":
  version: 2.1.0
  resolution: "trim-trailing-lines@npm:2.1.0"
  checksum: 10c0/9b010d16b191422d08678f5a4988213dffd8ae9445e1b0f7f7b3e5b28ffdb062a8465a7988b66999b90589b386ddc93b56d23545ba75a74ebaf5838b30594cb9
  languageName: node
  linkType: hard

"trough@npm:^2.0.0":
  version: 2.2.0
  resolution: "trough@npm:2.2.0"
  checksum: 10c0/58b671fc970e7867a48514168894396dd94e6d9d6456aca427cc299c004fe67f35ed7172a36449086b2edde10e78a71a284ec0076809add6834fb8f857ccb9b0
  languageName: node
  linkType: hard

"unified@npm:^10.0.0":
  version: 10.1.2
  resolution: "unified@npm:10.1.2"
  dependencies:
    "@types/unist": "npm:^2.0.0"
    bail: "npm:^2.0.0"
    extend: "npm:^3.0.0"
    is-buffer: "npm:^2.0.0"
    is-plain-obj: "npm:^4.0.0"
    trough: "npm:^2.0.0"
    vfile: "npm:^5.0.0"
  checksum: 10c0/da9195e3375a74ab861a65e1d7b0454225d17a61646697911eb6b3e97de41091930ed3d167eb11881d4097c51deac407091d39ddd1ee8bf1fde3f946844a17a7
  languageName: node
  linkType: hard

"unified@npm:^11.0.0, unified@npm:^11.0.5":
  version: 11.0.5
  resolution: "unified@npm:11.0.5"
  dependencies:
    "@types/unist": "npm:^3.0.0"
    bail: "npm:^2.0.0"
    devlop: "npm:^1.0.0"
    extend: "npm:^3.0.0"
    is-plain-obj: "npm:^4.0.0"
    trough: "npm:^2.0.0"
    vfile: "npm:^6.0.0"
  checksum: 10c0/53c8e685f56d11d9d458a43e0e74328a4d6386af51c8ac37a3dcabec74ce5026da21250590d4aff6733ccd7dc203116aae2b0769abc18cdf9639a54ae528dfc9
  languageName: node
  linkType: hard

"unist-util-find-after@npm:^5.0.0":
  version: 5.0.0
  resolution: "unist-util-find-after@npm:5.0.0"
  dependencies:
    "@types/unist": "npm:^3.0.0"
    unist-util-is: "npm:^6.0.0"
  checksum: 10c0/a7cea473c4384df8de867c456b797ff1221b20f822e1af673ff5812ed505358b36f47f3b084ac14c3622cb879ed833b71b288e8aa71025352a2aab4c2925a6eb
  languageName: node
  linkType: hard

"unist-util-is@npm:^5.0.0":
  version: 5.2.1
  resolution: "unist-util-is@npm:5.2.1"
  dependencies:
    "@types/unist": "npm:^2.0.0"
  checksum: 10c0/a2376910b832bb10653d2167c3cd85b3610a5fd53f5169834c08b3c3a720fae9043d75ad32d727eedfc611491966c26a9501d428ec62467edc17f270feb5410b
  languageName: node
  linkType: hard

"unist-util-is@npm:^6.0.0":
  version: 6.0.1
  resolution: "unist-util-is@npm:6.0.1"
  dependencies:
    "@types/unist": "npm:^3.0.0"
  checksum: 10c0/5a487d390193811d37a68264e204dbc7c15c40b8fc29b5515a535d921d071134f571d7b5cbd59bcd58d5ce1c0ab08f20fc4a1f0df2287a249c979267fc32ce06
  languageName: node
  linkType: hard

"unist-util-modify-children@npm:^3.0.0":
  version: 3.1.1
  resolution: "unist-util-modify-children@npm:3.1.1"
  dependencies:
    "@types/unist": "npm:^2.0.0"
    array-iterate: "npm:^2.0.0"
  checksum: 10c0/8a74fb4b48f7442680c32ab8562c443f0366ae0e2c8b3c6ad2323a72c36447dfc1df2eeaebf5457efeb682cff64de4fb09655b49aa11d0915719f50dba349730
  languageName: node
  linkType: hard

"unist-util-position@npm:^4.0.0":
  version: 4.0.4
  resolution: "unist-util-position@npm:4.0.4"
  dependencies:
    "@types/unist": "npm:^2.0.0"
  checksum: 10c0/e506d702e25a0fb47a64502054f709a6ff5db98993bf139eec868cd11eb7de34392b781c6c2002e2c24d97aa398c14b32a47076129f36e4b894a2c1351200888
  languageName: node
  linkType: hard

"unist-util-position@npm:^5.0.0":
  version: 5.0.0
  resolution: "unist-util-position@npm:5.0.0"
  dependencies:
    "@types/unist": "npm:^3.0.0"
  checksum: 10c0/dde3b31e314c98f12b4dc6402f9722b2bf35e96a4f2d463233dd90d7cde2d4928074a7a11eff0a5eb1f4e200f27fc1557e0a64a7e8e4da6558542f251b1b7400
  languageName: node
  linkType: hard

"unist-util-stringify-position@npm:^3.0.0":
  version: 3.0.3
  resolution: "unist-util-stringify-position@npm:3.0.3"
  dependencies:
    "@types/unist": "npm:^2.0.0"
  checksum: 10c0/14550027825230528f6437dad7f2579a841780318569851291be6c8a970bae6f65a7feb24dabbcfce0e5e68cacae85bf12cbda3f360f7c873b4db602bdf7bb21
  languageName: node
  linkType: hard

"unist-util-stringify-position@npm:^4.0.0":
  version: 4.0.0
  resolution: "unist-util-stringify-position@npm:4.0.0"
  dependencies:
    "@types/unist": "npm:^3.0.0"
  checksum: 10c0/dfe1dbe79ba31f589108cb35e523f14029b6675d741a79dea7e5f3d098785045d556d5650ec6a8338af11e9e78d2a30df12b1ee86529cded1098da3f17ee999e
  languageName: node
  linkType: hard

"unist-util-visit-parents@npm:^5.1.1":
  version: 5.1.3
  resolution: "unist-util-visit-parents@npm:5.1.3"
  dependencies:
    "@types/unist": "npm:^2.0.0"
    unist-util-is: "npm:^5.0.0"
  checksum: 10c0/f6829bfd8f2eddf63a32e2c302cd50978ef0c194b792c6fe60c2b71dfd7232415a3c5941903972543e9d34e6a8ea69dee9ccd95811f4a795495ed2ae855d28d0
  languageName: node
  linkType: hard

"unist-util-visit-parents@npm:^6.0.0":
  version: 6.0.2
  resolution: "unist-util-visit-parents@npm:6.0.2"
  dependencies:
    "@types/unist": "npm:^3.0.0"
    unist-util-is: "npm:^6.0.0"
  checksum: 10c0/f1e4019dbd930301825895e3737b1ee0cd682f7622ddd915062135cbb39f8c090aaece3a3b5eae1f2ea52ec33f0931abb8f8a8b5c48a511a4203e3d360a8cd49
  languageName: node
  linkType: hard

"unist-util-visit@npm:^4.0.0":
  version: 4.1.2
  resolution: "unist-util-visit@npm:4.1.2"
  dependencies:
    "@types/unist": "npm:^2.0.0"
    unist-util-is: "npm:^5.0.0"
    unist-util-visit-parents: "npm:^5.1.1"
  checksum: 10c0/56a1f49a4d8e321e75b3c7821d540a45165a031dd06324bb0e8c75e7737bc8d73bdddbf0b0ca82000f9708a4c36861c6ebe88d01f7cf00e925f5d75f13a3a017
  languageName: node
  linkType: hard

"vfile-location@npm:^4.0.0":
  version: 4.1.0
  resolution: "vfile-location@npm:4.1.0"
  dependencies:
    "@types/unist": "npm:^2.0.0"
    vfile: "npm:^5.0.0"
  checksum: 10c0/77097e819579214d3346aaa2b06e4d23e2413221ac4914679d312cf64973011b76f0e2424fa8f18987befcd6ed60f4f6c4c6ebd5d5326062173a95f6b4445a96
  languageName: node
  linkType: hard

"vfile-message@npm:^3.0.0":
  version: 3.1.4
  resolution: "vfile-message@npm:3.1.4"
  dependencies:
    "@types/unist": "npm:^2.0.0"
    unist-util-stringify-position: "npm:^3.0.0"
  checksum: 10c0/c4ccf9c0ced92d657846fd067fefcf91c5832cdbe2ecc431bb67886e8c959bf7fc05a9dbbca5551bc34c9c87a0a73854b4249f65c64ddfebc4d59ea24a18b996
  languageName: node
  linkType: hard

"vfile-message@npm:^4.0.0":
  version: 4.0.3
  resolution: "vfile-message@npm:4.0.3"
  dependencies:
    "@types/unist": "npm:^3.0.0"
    unist-util-stringify-position: "npm:^4.0.0"
  checksum: 10c0/33d9f219610d27987689bb14fa5573d2daa146941d1a05416dd7702c4215b23f44ed81d059e70d0e4e24f9a57d5f4dc9f18d35a993f04cf9446a7abe6d72d0c0
  languageName: node
  linkType: hard

"vfile@npm:^5.0.0":
  version: 5.3.7
  resolution: "vfile@npm:5.3.7"
  dependencies:
    "@types/unist": "npm:^2.0.0"
    is-buffer: "npm:^2.0.0"
    unist-util-stringify-position: "npm:^3.0.0"
    vfile-message: "npm:^3.0.0"
  checksum: 10c0/c36bd4c3f16ec0c6cbad0711ca99200316bbf849d6b07aa4cb5d9062cc18ae89249fe62af9521926e9659c0e6bc5c2c1da0fe26b41fb71e757438297e1a41da4
  languageName: node
  linkType: hard

"vfile@npm:^6.0.0":
  version: 6.0.3
  resolution: "vfile@npm:6.0.3"
  dependencies:
    "@types/unist": "npm:^3.0.0"
    vfile-message: "npm:^4.0.0"
  checksum: 10c0/e5d9eb4810623f23758cfc2205323e33552fb5972e5c2e6587babe08fe4d24859866277404fb9e2a20afb71013860d96ec806cb257536ae463c87d70022ab9ef
  languageName: node
  linkType: hard

"web-namespaces@npm:^2.0.0":
  version: 2.0.1
  resolution: "web-namespaces@npm:2.0.1"
  checksum: 10c0/df245f466ad83bd5cd80bfffc1674c7f64b7b84d1de0e4d2c0934fb0782e0a599164e7197a4bce310ee3342fd61817b8047ff04f076a1ce12dd470584142a4bd
  languageName: node
  linkType: hard

"zwitch@npm:^2.0.0":
  version: 2.0.4
  resolution: "zwitch@npm:2.0.4"
  checksum: 10c0/3c7830cdd3378667e058ffdb4cf2bb78ac5711214e2725900873accb23f3dfe5f9e7e5a06dcdc5f29605da976fc45c26d9a13ca334d6eea2245a15e77b8fc06e
  languageName: node
  linkType: hard
